// !$*UTF8*$!
{
	archiveVersion = 1;
	classes = {
	};
	objectVersion = 55;
	objects = {

/* Begin PBXBuildFile section */
		D8CF9D592877230100AF33BB /* AppDelegate.swift in Sources */ = {isa = PBXBuildFile; fileRef = D8CF9D582877230100AF33BB /* AppDelegate.swift */; };
		D8CF9D5B2877230100AF33BB /* SceneDelegate.swift in Sources */ = {isa = PBXBuildFile; fileRef = D8CF9D5A2877230100AF33BB /* SceneDelegate.swift */; };
		D8CF9D5D2877230100AF33BB /* ViewController.swift in Sources */ = {isa = PBXBuildFile; fileRef = D8CF9D5C2877230100AF33BB /* ViewController.swift */; };
		D8CF9D602877230100AF33BB /* Main.storyboard in Resources */ = {isa = PBXBuildFile; fileRef = D8CF9D5E2877230100AF33BB /* Main.storyboard */; };
		D8CF9D622877230200AF33BB /* Assets.xcassets in Resources */ = {isa = PBXBuildFile; fileRef = D8CF9D612877230200AF33BB /* Assets.xcassets */; };
		D8CF9D652877230200AF33BB /* LaunchScreen.storyboard in Resources */ = {isa = PBXBuildFile; fileRef = D8CF9D632877230200AF33BB /* LaunchScreen.storyboard */; };
		D8CF9D702877230200AF33BB /* SimpleTableTests.swift in Sources */ = {isa = PBXBuildFile; fileRef = D8CF9D6F2877230200AF33BB /* SimpleTableTests.swift */; };
		D8CF9D7A2877230200AF33BB /* SimpleTableUITests.swift in Sources */ = {isa = PBXBuildFile; fileRef = D8CF9D792877230200AF33BB /* SimpleTableUITests.swift */; };
		D8CF9D7C2877230200AF33BB /* SimpleTableUITestsLaunchTests.swift in Sources */ = {isa = PBXBuildFile; fileRef = D8CF9D7B2877230200AF33BB /* SimpleTableUITestsLaunchTests.swift */; };
		D8CF9D892878587900AF33BB /* CustomTableViewCell.swift in Sources */ = {isa = PBXBuildFile; fileRef = D8CF9D882878587900AF33BB /* CustomTableViewCell.swift */; };
/* End PBXBuildFile section */

/* Begin PBXContainerItemProxy section */
		D8CF9D6C2877230200AF33BB /* PBXContainerItemProxy */ = {
			isa = PBXContainerItemProxy;
			containerPortal = D8CF9D4D2877230100AF33BB /* Project object */;
			proxyType = 1;
			remoteGlobalIDString = D8CF9D542877230100AF33BB;
			remoteInfo = SimpleTable;
		};
		D8CF9D762877230200AF33BB /* PBXContainerItemProxy */ = {
			isa = PBXContainerItemProxy;
			containerPortal = D8CF9D4D2877230100AF33BB /* Project object */;
			proxyType = 1;
			remoteGlobalIDString = D8CF9D542877230100AF33BB;
			remoteInfo = SimpleTable;
		};
/* End PBXContainerItemProxy section */

/* Begin PBXFileReference section */
		D8CF9D552877230100AF33BB /* SimpleTable.app */ = {isa = PBXFileReference; explicitFileType = wrapper.application; includeInIndex = 0; path = SimpleTable.app; sourceTree = BUILT_PRODUCTS_DIR; };
		D8CF9D582877230100AF33BB /* AppDelegate.swift */ = {isa = PBXFileReference; lastKnownFileType = sourcecode.swift; path = AppDelegate.swift; sourceTree = "<group>"; };
		D8CF9D5A2877230100AF33BB /* SceneDelegate.swift */ = {isa = PBXFileReference; lastKnownFileType = sourcecode.swift; path = SceneDelegate.swift; sourceTree = "<group>"; };
		D8CF9D5C2877230100AF33BB /* ViewController.swift */ = {isa = PBXFileReference; lastKnownFileType = sourcecode.swift; path = ViewController.swift; sourceTree = "<group>"; };
		D8CF9D5F2877230100AF33BB /* Base */ = {isa = PBXFileReference; lastKnownFileType = file.storyboard; name = Base; path = Base.lproj/Main.storyboard; sourceTree = "<group>"; };
		D8CF9D612877230200AF33BB /* Assets.xcassets */ = {isa = PBXFileReference; lastKnownFileType = folder.assetcatalog; path = Assets.xcassets; sourceTree = "<group>"; };
		D8CF9D642877230200AF33BB /* Base */ = {isa = PBXFileReference; lastKnownFileType = file.storyboard; name = Base; path = Base.lproj/LaunchScreen.storyboard; sourceTree = "<group>"; };
		D8CF9D662877230200AF33BB /* Info.plist */ = {isa = PBXFileReference; lastKnownFileType = text.plist.xml; path = Info.plist; sourceTree = "<group>"; };
		D8CF9D6B2877230200AF33BB /* SimpleTableTests.xctest */ = {isa = PBXFileReference; explicitFileType = wrapper.cfbundle; includeInIndex = 0; path = SimpleTableTests.xctest; sourceTree = BUILT_PRODUCTS_DIR; };
		D8CF9D6F2877230200AF33BB /* SimpleTableTests.swift */ = {isa = PBXFileReference; lastKnownFileType = sourcecode.swift; path = SimpleTableTests.swift; sourceTree = "<group>"; };
		D8CF9D752877230200AF33BB /* SimpleTableUITests.xctest */ = {isa = PBXFileReference; explicitFileType = wrapper.cfbundle; includeInIndex = 0; path = SimpleTableUITests.xctest; sourceTree = BUILT_PRODUCTS_DIR; };
		D8CF9D792877230200AF33BB /* SimpleTableUITests.swift */ = {isa = PBXFileReference; lastKnownFileType = sourcecode.swift; path = SimpleTableUITests.swift; sourceTree = "<group>"; };
		D8CF9D7B2877230200AF33BB /* SimpleTableUITestsLaunchTests.swift */ = {isa = PBXFileReference; lastKnownFileType = sourcecode.swift; path = SimpleTableUITestsLaunchTests.swift; sourceTree = "<group>"; };
		D8CF9D882878587900AF33BB /* CustomTableViewCell.swift */ = {isa = PBXFileReference; lastKnownFileType = sourcecode.swift; path = CustomTableViewCell.swift; sourceTree = "<group>"; };
/* End PBXFileReference section */

/* Begin PBXFrameworksBuildPhase section */
		D8CF9D522877230100AF33BB /* Frameworks */ = {
			isa = PBXFrameworksBuildPhase;
			buildActionMask = 2147483647;
			files = (
			);
			runOnlyForDeploymentPostprocessing = 0;
		};
		D8CF9D682877230200AF33BB /* Frameworks */ = {
			isa = PBXFrameworksBuildPhase;
			buildActionMask = 2147483647;
			files = (
			);
			runOnlyForDeploymentPostprocessing = 0;
		};
		D8CF9D722877230200AF33BB /* Frameworks */ = {
			isa = PBXFrameworksBuildPhase;
			buildActionMask = 2147483647;
			files = (
			);
			runOnlyForDeploymentPostprocessing = 0;
		};
/* End PBXFrameworksBuildPhase section */

/* Begin PBXGroup section */
		D8CF9D4C2877230100AF33BB = {
			isa = PBXGroup;
			children = (
				D8CF9D882878587900AF33BB /* CustomTableViewCell.swift */,
				D8CF9D572877230100AF33BB /* SimpleTable */,
				D8CF9D6E2877230200AF33BB /* SimpleTableTests */,
				D8CF9D782877230200AF33BB /* SimpleTableUITests */,
				D8CF9D562877230100AF33BB /* Products */,
			);
			sourceTree = "<group>";
		};
		D8CF9D562877230100AF33BB /* Products */ = {
			isa = PBXGroup;
			children = (
				D8CF9D552877230100AF33BB /* SimpleTable.app */,
				D8CF9D6B2877230200AF33BB /* SimpleTableTests.xctest */,
				D8CF9D752877230200AF33BB /* SimpleTableUITests.xctest */,
			);
			name = Products;
			sourceTree = "<group>";
		};
		D8CF9D572877230100AF33BB /* SimpleTable */ = {
			isa = PBXGroup;
			children = (
				D8CF9D582877230100AF33BB /* AppDelegate.swift */,
				D8CF9D5A2877230100AF33BB /* SceneDelegate.swift */,
				D8CF9D5C2877230100AF33BB /* ViewController.swift */,
				D8CF9D5E2877230100AF33BB /* Main.storyboard */,
				D8CF9D612877230200AF33BB /* Assets.xcassets */,
				D8CF9D632877230200AF33BB /* LaunchScreen.storyboard */,
				D8CF9D662877230200AF33BB /* Info.plist */,
			);
			path = SimpleTable;
			sourceTree = "<group>";
		};
		D8CF9D6E2877230200AF33BB /* SimpleTableTests */ = {
			isa = PBXGroup;
			children = (
				D8CF9D6F2877230200AF33BB /* SimpleTableTests.swift */,
			);
			path = SimpleTableTests;
			sourceTree = "<group>";
		};
		D8CF9D782877230200AF33BB /* SimpleTableUITests */ = {
			isa = PBXGroup;
			children = (
				D8CF9D792877230200AF33BB /* SimpleTableUITests.swift */,
				D8CF9D7B2877230200AF33BB /* SimpleTableUITestsLaunchTests.swift */,
			);
			path = SimpleTableUITests;
			sourceTree = "<group>";
		};
/* End PBXGroup section */

/* Begin PBXNativeTarget section */
		D8CF9D542877230100AF33BB /* SimpleTable */ = {
			isa = PBXNativeTarget;
			buildConfigurationList = D8CF9D7F2877230200AF33BB /* Build configuration list for PBXNativeTarget "SimpleTable" */;
			buildPhases = (
				D8CF9D512877230100AF33BB /* Sources */,
				D8CF9D522877230100AF33BB /* Frameworks */,
				D8CF9D532877230100AF33BB /* Resources */,
			);
			buildRules = (
			);
			dependencies = (
			);
			name = SimpleTable;
			productName = SimpleTable;
			productReference = D8CF9D552877230100AF33BB /* SimpleTable.app */;
			productType = "com.apple.product-type.application";
		};
		D8CF9D6A2877230200AF33BB /* SimpleTableTests */ = {
			isa = PBXNativeTarget;
			buildConfigurationList = D8CF9D822877230200AF33BB /* Build configuration list for PBXNativeTarget "SimpleTableTests" */;
			buildPhases = (
				D8CF9D672877230200AF33BB /* Sources */,
				D8CF9D682877230200AF33BB /* Frameworks */,
				D8CF9D692877230200AF33BB /* Resources */,
			);
			buildRules = (
			);
			dependencies = (
				D8CF9D6D2877230200AF33BB /* PBXTargetDependency */,
			);
			name = SimpleTableTests;
			productName = SimpleTableTests;
			productReference = D8CF9D6B2877230200AF33BB /* SimpleTableTests.xctest */;
			productType = "com.apple.product-type.bundle.unit-test";
		};
		D8CF9D742877230200AF33BB /* SimpleTableUITests */ = {
			isa = PBXNativeTarget;
			buildConfigurationList = D8CF9D852877230200AF33BB /* Build configuration list for PBXNativeTarget "SimpleTableUITests" */;
			buildPhases = (
				D8CF9D712877230200AF33BB /* Sources */,
				D8CF9D722877230200AF33BB /* Frameworks */,
				D8CF9D732877230200AF33BB /* Resources */,
			);
			buildRules = (
			);
			dependencies = (
				D8CF9D772877230200AF33BB /* PBXTargetDependency */,
			);
			name = SimpleTableUITests;
			productName = SimpleTableUITests;
			productReference = D8CF9D752877230200AF33BB /* SimpleTableUITests.xctest */;
			productType = "com.apple.product-type.bundle.ui-testing";
		};
/* End PBXNativeTarget section */

/* Begin PBXProject section */
		D8CF9D4D2877230100AF33BB /* Project object */ = {
			isa = PBXProject;
			attributes = {
				BuildIndependentTargetsInParallel = 1;
				LastSwiftUpdateCheck = 1340;
				LastUpgradeCheck = 1340;
				TargetAttributes = {
					D8CF9D542877230100AF33BB = {
						CreatedOnToolsVersion = 13.4.1;
					};
					D8CF9D6A2877230200AF33BB = {
						CreatedOnToolsVersion = 13.4.1;
						TestTargetID = D8CF9D542877230100AF33BB;
					};
					D8CF9D742877230200AF33BB = {
						CreatedOnToolsVersion = 13.4.1;
						TestTargetID = D8CF9D542877230100AF33BB;
					};
				};
			};
			buildConfigurationList = D8CF9D502877230100AF33BB /* Build configuration list for PBXProject "SimpleTable" */;
			compatibilityVersion = "Xcode 13.0";
			developmentRegion = en;
			hasScannedForEncodings = 0;
			knownRegions = (
				en,
				Base,
			);
			mainGroup = D8CF9D4C2877230100AF33BB;
			productRefGroup = D8CF9D562877230100AF33BB /* Products */;
			projectDirPath = "";
			projectRoot = "";
			targets = (
				D8CF9D542877230100AF33BB /* SimpleTable */,
				D8CF9D6A2877230200AF33BB /* SimpleTableTests */,
				D8CF9D742877230200AF33BB /* SimpleTableUITests */,
			);
		};
/* End PBXProject section */

/* Begin PBXResourcesBuildPhase section */
		D8CF9D532877230100AF33BB /* Resources */ = {
			isa = PBXResourcesBuildPhase;
			buildActionMask = 2147483647;
			files = (
				D8CF9D652877230200AF33BB /* LaunchScreen.storyboard in Resources */,
				D8CF9D622877230200AF33BB /* Assets.xcassets in Resources */,
				D8CF9D602877230100AF33BB /* Main.storyboard in Resources */,
			);
			runOnlyForDeploymentPostprocessing = 0;
		};
		D8CF9D692877230200AF33BB /* Resources */ = {
			isa = PBXResourcesBuildPhase;
			buildActionMask = 2147483647;
			files = (
			);
			runOnlyForDeploymentPostprocessing = 0;
		};
		D8CF9D732877230200AF33BB /* Resources */ = {
			isa = PBXResourcesBuildPhase;
			buildActionMask = 2147483647;
			files = (
			);
			runOnlyForDeploymentPostprocessing = 0;
		};
/* End PBXResourcesBuildPhase section */

/* Begin PBXSourcesBuildPhase section */
		D8CF9D512877230100AF33BB /* Sources */ = {
			isa = PBXSourcesBuildPhase;
			buildActionMask = 2147483647;
			files = (
				D8CF9D5D2877230100AF33BB /* ViewController.swift in Sources */,
				D8CF9D592877230100AF33BB /* AppDelegate.swift in Sources */,
				D8CF9D892878587900AF33BB /* CustomTableViewCell.swift in Sources */,
				D8CF9D5B2877230100AF33BB /* SceneDelegate.swift in Sources */,
			);
			runOnlyForDeploymentPostprocessing = 0;
		};
		D8CF9D672877230200AF33BB /* Sources */ = {
			isa = PBXSourcesBuildPhase;
			buildActionMask = 2147483647;
			files = (
				D8CF9D702877230200AF33BB /* SimpleTableTests.swift in Sources */,
			);
			runOnlyForDeploymentPostprocessing = 0;
		};
		D8CF9D712877230200AF33BB /* Sources */ = {
			isa = PBXSourcesBuildPhase;
			buildActionMask = 2147483647;
			files = (
				D8CF9D7A2877230200AF33BB /* SimpleTableUITests.swift in Sources */,
				D8CF9D7C2877230200AF33BB /* SimpleTableUITestsLaunchTests.swift in Sources */,
			);
			runOnlyForDeploymentPostprocessing = 0;
		};
/* End PBXSourcesBuildPhase section */

/* Begin PBXTargetDependency section */
		D8CF9D6D2877230200AF33BB /* PBXTargetDependency */ = {
			isa = PBXTargetDependency;
			target = D8CF9D542877230100AF33BB /* SimpleTable */;
			targetProxy = D8CF9D6C2877230200AF33BB /* PBXContainerItemProxy */;
		};
		D8CF9D772877230200AF33BB /* PBXTargetDependency */ = {
			isa = PBXTargetDependency;
			target = D8CF9D542877230100AF33BB /* SimpleTable */;
			targetProxy = D8CF9D762877230200AF33BB /* PBXContainerItemProxy */;
		};
/* End PBXTargetDependency section */

/* Begin PBXVariantGroup section */
		D8CF9D5E2877230100AF33BB /* Main.storyboard */ = {
			isa = PBXVariantGroup;
			children = (
				D8CF9D5F2877230100AF33BB /* Base */,
			);
			name = Main.storyboard;
			sourceTree = "<group>";
		};
		D8CF9D632877230200AF33BB /* LaunchScreen.storyboard */ = {
			isa = PBXVariantGroup;
			children = (
				D8CF9D642877230200AF33BB /* Base */,
			);
			name = LaunchScreen.storyboard;
			sourceTree = "<group>";
		};
/* End PBXVariantGroup section */

/* Begin XCBuildConfiguration section */
		D8CF9D7D2877230200AF33BB /* Debug */ = {
			isa = XCBuildConfiguration;
			buildSettings = {
				ALWAYS_SEARCH_USER_PATHS = NO;
				CLANG_ANALYZER_NONNULL = YES;
				CLANG_ANALYZER_NUMBER_OBJECT_CONVERSION = YES_AGGRESSIVE;
				CLANG_CXX_LANGUAGE_STANDARD = "gnu++17";
				CLANG_ENABLE_MODULES = YES;
				CLANG_ENABLE_OBJC_ARC = YES;
				CLANG_ENABLE_OBJC_WEAK = YES;
				CLANG_WARN_BLOCK_CAPTURE_AUTORELEASING = YES;
				CLANG_WARN_BOOL_CONVERSION = YES;
				CLANG_WARN_COMMA = YES;
				CLANG_WARN_CONSTANT_CONVERSION = YES;
				CLANG_WARN_DEPRECATED_OBJC_IMPLEMENTATIONS = YES;
				CLANG_WARN_DIRECT_OBJC_ISA_USAGE = YES_ERROR;
				CLANG_WARN_DOCUMENTATION_COMMENTS = YES;
				CLANG_WARN_EMPTY_BODY = YES;
				CLANG_WARN_ENUM_CONVERSION = YES;
				CLANG_WARN_INFINITE_RECURSION = YES;
				CLANG_WARN_INT_CONVERSION = YES;
				CLANG_WARN_NON_LITERAL_NULL_CONVERSION = YES;
				CLANG_WARN_OBJC_IMPLICIT_RETAIN_SELF = YES;
				CLANG_WARN_OBJC_LITERAL_CONVERSION = YES;
				CLANG_WARN_OBJC_ROOT_CLASS = YES_ERROR;
				CLANG_WARN_QUOTED_INCLUDE_IN_FRAMEWORK_HEADER = YES;
				CLANG_WARN_RANGE_LOOP_ANALYSIS = YES;
				CLANG_WARN_STRICT_PROTOTYPES = YES;
				CLANG_WARN_SUSPICIOUS_MOVE = YES;
				CLANG_WARN_UNGUARDED_AVAILABILITY = YES_AGGRESSIVE;
				CLANG_WARN_UNREACHABLE_CODE = YES;
				CLANG_WARN__DUPLICATE_METHOD_MATCH = YES;
				COPY_PHASE_STRIP = NO;
				DEBUG_INFORMATION_FORMAT = dwarf;
				ENABLE_STRICT_OBJC_MSGSEND = YES;
				ENABLE_TESTABILITY = YES;
				GCC_C_LANGUAGE_STANDARD = gnu11;
				GCC_DYNAMIC_NO_PIC = NO;
				GCC_NO_COMMON_BLOCKS = YES;
				GCC_OPTIMIZATION_LEVEL = 0;
				GCC_PREPROCESSOR_DEFINITIONS = (
					"DEBUG=1",
					"$(inherited)",
				);
				GCC_WARN_64_TO_32_BIT_CONVERSION = YES;
				GCC_WARN_ABOUT_RETURN_TYPE = YES_ERROR;
				GCC_WARN_UNDECLARED_SELECTOR = YES;
				GCC_WARN_UNINITIALIZED_AUTOS = YES_AGGRESSIVE;
				GCC_WARN_UNUSED_FUNCTION = YES;
				GCC_WARN_UNUSED_VARIABLE = YES;
				IPHONEOS_DEPLOYMENT_TARGET = 15.5;
				MTL_ENABLE_DEBUG_INFO = INCLUDE_SOURCE;
				MTL_FAST_MATH = YES;
				ONLY_ACTIVE_ARCH = YES;
				SDKROOT = iphoneos;
				SWIFT_ACTIVE_COMPILATION_CONDITIONS = DEBUG;
				SWIFT_OPTIMIZATION_LEVEL = "-Onone";
			};
			name = Debug;
		};
		D8CF9D7E2877230200AF33BB /* Release */ = {
			isa = XCBuildConfiguration;
			buildSettings = {
				ALWAYS_SEARCH_USER_PATHS = NO;
				CLANG_ANALYZER_NONNULL = YES;
				CLANG_ANALYZER_NUMBER_OBJECT_CONVERSION = YES_AGGRESSIVE;
				CLANG_CXX_LANGUAGE_STANDARD = "gnu++17";
				CLANG_ENABLE_MODULES = YES;
				CLANG_ENABLE_OBJC_ARC = YES;
				CLANG_ENABLE_OBJC_WEAK = YES;
				CLANG_WARN_BLOCK_CAPTURE_AUTORELEASING = YES;
				CLANG_WARN_BOOL_CONVERSION = YES;
				CLANG_WARN_COMMA = YES;
				CLANG_WARN_CONSTANT_CONVERSION = YES;
				CLANG_WARN_DEPRECATED_OBJC_IMPLEMENTATIONS = YES;
				CLANG_WARN_DIRECT_OBJC_ISA_USAGE = YES_ERROR;
				CLANG_WARN_DOCUMENTATION_COMMENTS = YES;
				CLANG_WARN_EMPTY_BODY = YES;
				CLANG_WARN_ENUM_CONVERSION = YES;
				CLANG_WARN_INFINITE_RECURSION = YES;
				CLANG_WARN_INT_CONVERSION = YES;
				CLANG_WARN_NON_LITERAL_NULL_CONVERSION = YES;
				CLANG_WARN_OBJC_IMPLICIT_RETAIN_SELF = YES;
				CLANG_WARN_OBJC_LITERAL_CONVERSION = YES;
				CLANG_WARN_OBJC_ROOT_CLASS = YES_ERROR;
				CLANG_WARN_QUOTED_INCLUDE_IN_FRAMEWORK_HEADER = YES;
				CLANG_WARN_RANGE_LOOP_ANALYSIS = YES;
				CLANG_WARN_STRICT_PROTOTYPES = YES;
				CLANG_WARN_SUSPICIOUS_MOVE = YES;
				CLANG_WARN_UNGUARDED_AVAILABILITY = YES_AGGRESSIVE;
				CLANG_WARN_UNREACHABLE_CODE = YES;
				CLANG_WARN__DUPLICATE_METHOD_MATCH = YES;
				COPY_PHASE_STRIP = NO;
				DEBUG_INFORMATION_FORMAT = "dwarf-with-dsym";
				ENABLE_NS_ASSERTIONS = NO;
				ENABLE_STRICT_OBJC_MSGSEND = YES;
				GCC_C_LANGUAGE_STANDARD = gnu11;
				GCC_NO_COMMON_BLOCKS = YES;
				GCC_WARN_64_TO_32_BIT_CONVERSION = YES;
				GCC_WARN_ABOUT_RETURN_TYPE = YES_ERROR;
				GCC_WARN_UNDECLARED_SELECTOR = YES;
				GCC_WARN_UNINITIALIZED_AUTOS = YES_AGGRESSIVE;
				GCC_WARN_UNUSED_FUNCTION = YES;
				GCC_WARN_UNUSED_VARIABLE = YES;
				IPHONEOS_DEPLOYMENT_TARGET = 15.5;
				MTL_ENABLE_DEBUG_INFO = NO;
				MTL_FAST_MATH = YES;
				SDKROOT = iphoneos;
				SWIFT_COMPILATION_MODE = wholemodule;
				SWIFT_OPTIMIZATION_LEVEL = "-O";
				VALIDATE_PRODUCT = YES;
			};
			name = Release;
		};
		D8CF9D802877230200AF33BB /* Debug */ = {
			isa = XCBuildConfiguration;
			buildSettings = {
				ASSETCATALOG_COMPILER_APPICON_NAME = AppIcon;
				ASSETCATALOG_COMPILER_GLOBAL_ACCENT_COLOR_NAME = AccentColor;
				CODE_SIGN_STYLE = Automatic;
				CURRENT_PROJECT_VERSION = 1;
				GENERATE_INFOPLIST_FILE = YES;
				INFOPLIST_FILE = SimpleTable/Info.plist;
				INFOPLIST_KEY_UIApplicationSupportsIndirectInputEvents = YES;
				INFOPLIST_KEY_UILaunchStoryboardName = LaunchScreen;
				INFOPLIST_KEY_UIMainStoryboardFile = Main;
				INFOPLIST_KEY_UISupportedInterfaceOrientations_iPad = "UIInterfaceOrientationPortrait UIInterfaceOrientationPortraitUpsideDown UIInterfaceOrientationLandscapeLeft UIInterfaceOrientationLandscapeRight";
				INFOPLIST_KEY_UISupportedInterfaceOrientations_iPhone = "UIInterfaceOrientationPortrait UIInterfaceOrientationLandscapeLeft UIInterfaceOrientationLandscapeRight";
				LD_RUNPATH_SEARCH_PATHS = (
					"$(inherited)",
					"@executable_path/Frameworks",
				);
				MARKETING_VERSION = 1.0;
				PRODUCT_BUNDLE_IDENTIFIER = yongbeomkwak.SimpleTable;
				PRODUCT_NAME = "$(TARGET_NAME)";
				SWIFT_EMIT_LOC_STRINGS = YES;
				SWIFT_VERSION = 5.0;
				TARGETED_DEVICE_FAMILY = "1,2";
			};
			name = Debug;
		};
		D8CF9D812877230200AF33BB /* Release */ = {
			isa = XCBuildConfiguration;
			buildSettings = {
				ASSETCATALOG_COMPILER_APPICON_NAME = AppIcon;
				ASSETCATALOG_COMPILER_GLOBAL_ACCENT_COLOR_NAME = AccentColor;
				CODE_SIGN_STYLE = Automatic;
				CURRENT_PROJECT_VERSION = 1;
				GENERATE_INFOPLIST_FILE = YES;
				INFOPLIST_FILE = SimpleTable/Info.plist;
				INFOPLIST_KEY_UIApplicationSupportsIndirectInputEvents = YES;
				INFOPLIST_KEY_UILaunchStoryboardName = LaunchScreen;
				INFOPLIST_KEY_UIMainStoryboardFile = Main;
				INFOPLIST_KEY_UISupportedInterfaceOrientations_iPad = "UIInterfaceOrientationPortrait UIInterfaceOrientationPortraitUpsideDown UIInterfaceOrientationLandscapeLeft UIInterfaceOrientationLandscapeRight";
				INFOPLIST_KEY_UISupportedInterfaceOrientations_iPhone = "UIInterfaceOrientationPortrait UIInterfaceOrientationLandscapeLeft UIInterfaceOrientationLandscapeRight";
				LD_RUNPATH_SEARCH_PATHS = (
					"$(inherited)",
					"@executable_path/Frameworks",
				);
				MARKETING_VERSION = 1.0;
				PRODUCT_BUNDLE_IDENTIFIER = yongbeomkwak.SimpleTable;
				PRODUCT_NAME = "$(TARGET_NAME)";
				SWIFT_EMIT_LOC_STRINGS = YES;
				SWIFT_VERSION = 5.0;
				TARGETED_DEVICE_FAMILY = "1,2";
			};
			name = Release;
		};
		D8CF9D832877230200AF33BB /* Debug */ = {
			isa = XCBuildConfiguration;
			buildSettings = {
				ALWAYS_EMBED_SWIFT_STANDARD_LIBRARIES = YES;
				BUNDLE_LOADER = "$(TEST_HOST)";
				CODE_SIGN_STYLE = Automatic;
				CURRENT_PROJECT_VERSION = 1;
				GENERATE_INFOPLIST_FILE = YES;
				IPHONEOS_DEPLOYMENT_TARGET = 15.5;
				MARKETING_VERSION = 1.0;
				PRODUCT_BUNDLE_IDENTIFIER = yongbeomkwak.SimpleTableTests;
				PRODUCT_NAME = "$(TARGET_NAME)";
				SWIFT_EMIT_LOC_STRINGS = NO;
				SWIFT_VERSION = 5.0;
				TARGETED_DEVICE_FAMILY = "1,2";
				TEST_HOST = "$(BUILT_PRODUCTS_DIR)/SimpleTable.app/SimpleTable";
			};
			name = Debug;
		};
		D8CF9D842877230200AF33BB /* Release */ = {
			isa = XCBuildConfiguration;
			buildSettings = {
				ALWAYS_EMBED_SWIFT_STANDARD_LIBRARIES = YES;
				BUNDLE_LOADER = "$(TEST_HOST)";
				CODE_SIGN_STYLE = Automatic;
				CURRENT_PROJECT_VERSION = 1;
				GENERATE_INFOPLIST_FILE = YES;
				IPHONEOS_DEPLOYMENT_TARGET = 15.5;
				MARKETING_VERSION = 1.0;
				PRODUCT_BUNDLE_IDENTIFIER = yongbeomkwak.SimpleTableTests;
				PRODUCT_NAME = "$(TARGET_NAME)";
				SWIFT_EMIT_LOC_STRINGS = NO;
				SWIFT_VERSION = 5.0;
				TARGETED_DEVICE_FAMILY = "1,2";
				TEST_HOST = "$(BUILT_PRODUCTS_DIR)/SimpleTable.app/SimpleTable";
			};
			name = Release;
		};
		D8CF9D862877230200AF33BB /* Debug */ = {
			isa = XCBuildConfiguration;
			buildSettings = {
				ALWAYS_EMBED_SWIFT_STANDARD_LIBRARIES = YES;
				CODE_SIGN_STYLE = Automatic;
				CURRENT_PROJECT_VERSION = 1;
				GENERATE_INFOPLIST_FILE = YES;
				MARKETING_VERSION = 1.0;
				PRODUCT_BUNDLE_IDENTIFIER = yongbeomkwak.SimpleTableUITests;
				PRODUCT_NAME = "$(TARGET_NAME)";
				SWIFT_EMIT_LOC_STRINGS = NO;
				SWIFT_VERSION = 5.0;
				TARGETED_DEVICE_FAMILY = "1,2";
				TEST_TARGET_NAME = SimpleTable;
			};
			name = Debug;
		};
		D8CF9D872877230200AF33BB /* Release */ = {
			isa = XCBuildConfiguration;
			buildSettings = {
				ALWAYS_EMBED_SWIFT_STANDARD_LIBRARIES = YES;
				CODE_SIGN_STYLE = Automatic;
				CURRENT_PROJECT_VERSION = 1;
				GENERATE_INFOPLIST_FILE = YES;
				MARKETING_VERSION = 1.0;
				PRODUCT_BUNDLE_IDENTIFIER = yongbeomkwak.SimpleTableUITests;
				PRODUCT_NAME = "$(TARGET_NAME)";
				SWIFT_EMIT_LOC_STRINGS = NO;
				SWIFT_VERSION = 5.0;
				TARGETED_DEVICE_FAMILY = "1,2";
				TEST_TARGET_NAME = SimpleTable;
			};
			name = Release;
		};
/* End XCBuildConfiguration section */

/* Begin XCConfigurationList section */
		D8CF9D502877230100AF33BB /* Build configuration list for PBXProject "SimpleTable" */ = {
			isa = XCConfigurationList;
			buildConfigurations = (
				D8CF9D7D2877230200AF33BB /* Debug */,
				D8CF9D7E2877230200AF33BB /* Release */,
			);
			defaultConfigurationIsVisible = 0;
			defaultConfigurationName = Release;
		};
		D8CF9D7F2877230200AF33BB /* Build configuration list for PBXNativeTarget "SimpleTable" */ = {
			isa = XCConfigurationList;
			buildConfigurations = (
				D8CF9D802877230200AF33BB /* Debug */,
				D8CF9D812877230200AF33BB /* Release */,
			);
			defaultConfigurationIsVisible = 0;
			defaultConfigurationName = Release;
		};
		D8CF9D822877230200AF33BB /* Build configuration list for PBXNativeTarget "SimpleTableTests" */ = {
			isa = XCConfigurationList;
			buildConfigurations = (
				D8CF9D832877230200AF33BB /* Debug */,
				D8CF9D842877230200AF33BB /* Release */,
			);
			defaultConfigurationIsVisible = 0;
			defaultConfigurationName = Release;
		};
		D8CF9D852877230200AF33BB /* Build configuration list for PBXNativeTarget "SimpleTableUITests" */ = {
			isa = XCConfigurationList;
			buildConfigurations = (
				D8CF9D862877230200AF33BB /* Debug */,
				D8CF9D872877230200AF33BB /* Release */,
			);
			defaultConfigurationIsVisible = 0;
			defaultConfigurationName = Release;
		};
/* End XCConfigurationList section */
	};
	rootObject = D8CF9D4D2877230100AF33BB /* Project object */;
}
