// !$*UTF8*$!
{
	archiveVersion = 1;
	classes = {
	};
	objectVersion = 55;
	objects = {

/* Begin PBXBuildFile section */
		3EA68DD5A843AE4774A6EEA3 /* Pods_RadioButtonTest_RadioButtonTestUITests.framework in Frameworks */ = {isa = PBXBuildFile; fileRef = 0A43BBF33CF8C2AE6ADC9310 /* Pods_RadioButtonTest_RadioButtonTestUITests.framework */; };
		64DD4819C34F66EBBCF7DEC9 /* Pods_RadioButtonTest.framework in Frameworks */ = {isa = PBXBuildFile; fileRef = CDEF43FD6FAC03EF01413F52 /* Pods_RadioButtonTest.framework */; };
		D82CF6B82882CD4B005711AD /* AppDelegate.swift in Sources */ = {isa = PBXBuildFile; fileRef = D82CF6B72882CD4B005711AD /* AppDelegate.swift */; };
		D82CF6BA2882CD4B005711AD /* SceneDelegate.swift in Sources */ = {isa = PBXBuildFile; fileRef = D82CF6B92882CD4B005711AD /* SceneDelegate.swift */; };
		D82CF6BC2882CD4B005711AD /* ViewController.swift in Sources */ = {isa = PBXBuildFile; fileRef = D82CF6BB2882CD4B005711AD /* ViewController.swift */; };
		D82CF6BF2882CD4B005711AD /* Main.storyboard in Resources */ = {isa = PBXBuildFile; fileRef = D82CF6BD2882CD4B005711AD /* Main.storyboard */; };
		D82CF6C12882CD4C005711AD /* Assets.xcassets in Resources */ = {isa = PBXBuildFile; fileRef = D82CF6C02882CD4C005711AD /* Assets.xcassets */; };
		D82CF6C42882CD4C005711AD /* LaunchScreen.storyboard in Resources */ = {isa = PBXBuildFile; fileRef = D82CF6C22882CD4C005711AD /* LaunchScreen.storyboard */; };
		D82CF6CF2882CD4C005711AD /* RadioButtonTestTests.swift in Sources */ = {isa = PBXBuildFile; fileRef = D82CF6CE2882CD4C005711AD /* RadioButtonTestTests.swift */; };
		D82CF6D92882CD4C005711AD /* RadioButtonTestUITests.swift in Sources */ = {isa = PBXBuildFile; fileRef = D82CF6D82882CD4C005711AD /* RadioButtonTestUITests.swift */; };
		D82CF6DB2882CD4C005711AD /* RadioButtonTestUITestsLaunchTests.swift in Sources */ = {isa = PBXBuildFile; fileRef = D82CF6DA2882CD4C005711AD /* RadioButtonTestUITestsLaunchTests.swift */; };
		F81FD2918F3B47877C96FC80 /* Pods_RadioButtonTestTests.framework in Frameworks */ = {isa = PBXBuildFile; fileRef = 1932F7A63D9187F7D1B3B5BD /* Pods_RadioButtonTestTests.framework */; };
/* End PBXBuildFile section */

/* Begin PBXContainerItemProxy section */
		D82CF6CB2882CD4C005711AD /* PBXContainerItemProxy */ = {
			isa = PBXContainerItemProxy;
			containerPortal = D82CF6AC2882CD4B005711AD /* Project object */;
			proxyType = 1;
			remoteGlobalIDString = D82CF6B32882CD4B005711AD;
			remoteInfo = RadioButtonTest;
		};
		D82CF6D52882CD4C005711AD /* PBXContainerItemProxy */ = {
			isa = PBXContainerItemProxy;
			containerPortal = D82CF6AC2882CD4B005711AD /* Project object */;
			proxyType = 1;
			remoteGlobalIDString = D82CF6B32882CD4B005711AD;
			remoteInfo = RadioButtonTest;
		};
/* End PBXContainerItemProxy section */

/* Begin PBXFileReference section */
		00B0C3A28F65167C25B0D842 /* Pods-RadioButtonTest-RadioButtonTestUITests.release.xcconfig */ = {isa = PBXFileReference; includeInIndex = 1; lastKnownFileType = text.xcconfig; name = "Pods-RadioButtonTest-RadioButtonTestUITests.release.xcconfig"; path = "Target Support Files/Pods-RadioButtonTest-RadioButtonTestUITests/Pods-RadioButtonTest-RadioButtonTestUITests.release.xcconfig"; sourceTree = "<group>"; };
		0A43BBF33CF8C2AE6ADC9310 /* Pods_RadioButtonTest_RadioButtonTestUITests.framework */ = {isa = PBXFileReference; explicitFileType = wrapper.framework; includeInIndex = 0; path = Pods_RadioButtonTest_RadioButtonTestUITests.framework; sourceTree = BUILT_PRODUCTS_DIR; };
		1932F7A63D9187F7D1B3B5BD /* Pods_RadioButtonTestTests.framework */ = {isa = PBXFileReference; explicitFileType = wrapper.framework; includeInIndex = 0; path = Pods_RadioButtonTestTests.framework; sourceTree = BUILT_PRODUCTS_DIR; };
		8D745B448283C492EEDAAE83 /* Pods-RadioButtonTest.debug.xcconfig */ = {isa = PBXFileReference; includeInIndex = 1; lastKnownFileType = text.xcconfig; name = "Pods-RadioButtonTest.debug.xcconfig"; path = "Target Support Files/Pods-RadioButtonTest/Pods-RadioButtonTest.debug.xcconfig"; sourceTree = "<group>"; };
		8DEBB1AD5C9BA6D6D5CC04B3 /* Pods-RadioButtonTestTests.debug.xcconfig */ = {isa = PBXFileReference; includeInIndex = 1; lastKnownFileType = text.xcconfig; name = "Pods-RadioButtonTestTests.debug.xcconfig"; path = "Target Support Files/Pods-RadioButtonTestTests/Pods-RadioButtonTestTests.debug.xcconfig"; sourceTree = "<group>"; };
		CDEF43FD6FAC03EF01413F52 /* Pods_RadioButtonTest.framework */ = {isa = PBXFileReference; explicitFileType = wrapper.framework; includeInIndex = 0; path = Pods_RadioButtonTest.framework; sourceTree = BUILT_PRODUCTS_DIR; };
		D2316C37E7343BF5CE4D663F /* Pods-RadioButtonTestTests.release.xcconfig */ = {isa = PBXFileReference; includeInIndex = 1; lastKnownFileType = text.xcconfig; name = "Pods-RadioButtonTestTests.release.xcconfig"; path = "Target Support Files/Pods-RadioButtonTestTests/Pods-RadioButtonTestTests.release.xcconfig"; sourceTree = "<group>"; };
		D82CF6B42882CD4B005711AD /* RadioButtonTest.app */ = {isa = PBXFileReference; explicitFileType = wrapper.application; includeInIndex = 0; path = RadioButtonTest.app; sourceTree = BUILT_PRODUCTS_DIR; };
		D82CF6B72882CD4B005711AD /* AppDelegate.swift */ = {isa = PBXFileReference; lastKnownFileType = sourcecode.swift; path = AppDelegate.swift; sourceTree = "<group>"; };
		D82CF6B92882CD4B005711AD /* SceneDelegate.swift */ = {isa = PBXFileReference; lastKnownFileType = sourcecode.swift; path = SceneDelegate.swift; sourceTree = "<group>"; };
		D82CF6BB2882CD4B005711AD /* ViewController.swift */ = {isa = PBXFileReference; lastKnownFileType = sourcecode.swift; path = ViewController.swift; sourceTree = "<group>"; };
		D82CF6BE2882CD4B005711AD /* Base */ = {isa = PBXFileReference; lastKnownFileType = file.storyboard; name = Base; path = Base.lproj/Main.storyboard; sourceTree = "<group>"; };
		D82CF6C02882CD4C005711AD /* Assets.xcassets */ = {isa = PBXFileReference; lastKnownFileType = folder.assetcatalog; path = Assets.xcassets; sourceTree = "<group>"; };
		D82CF6C32882CD4C005711AD /* Base */ = {isa = PBXFileReference; lastKnownFileType = file.storyboard; name = Base; path = Base.lproj/LaunchScreen.storyboard; sourceTree = "<group>"; };
		D82CF6C52882CD4C005711AD /* Info.plist */ = {isa = PBXFileReference; lastKnownFileType = text.plist.xml; path = Info.plist; sourceTree = "<group>"; };
		D82CF6CA2882CD4C005711AD /* RadioButtonTestTests.xctest */ = {isa = PBXFileReference; explicitFileType = wrapper.cfbundle; includeInIndex = 0; path = RadioButtonTestTests.xctest; sourceTree = BUILT_PRODUCTS_DIR; };
		D82CF6CE2882CD4C005711AD /* RadioButtonTestTests.swift */ = {isa = PBXFileReference; lastKnownFileType = sourcecode.swift; path = RadioButtonTestTests.swift; sourceTree = "<group>"; };
		D82CF6D42882CD4C005711AD /* RadioButtonTestUITests.xctest */ = {isa = PBXFileReference; explicitFileType = wrapper.cfbundle; includeInIndex = 0; path = RadioButtonTestUITests.xctest; sourceTree = BUILT_PRODUCTS_DIR; };
		D82CF6D82882CD4C005711AD /* RadioButtonTestUITests.swift */ = {isa = PBXFileReference; lastKnownFileType = sourcecode.swift; path = RadioButtonTestUITests.swift; sourceTree = "<group>"; };
		D82CF6DA2882CD4C005711AD /* RadioButtonTestUITestsLaunchTests.swift */ = {isa = PBXFileReference; lastKnownFileType = sourcecode.swift; path = RadioButtonTestUITestsLaunchTests.swift; sourceTree = "<group>"; };
		D9D08745330BFE139EFAE7AF /* Pods-RadioButtonTest.release.xcconfig */ = {isa = PBXFileReference; includeInIndex = 1; lastKnownFileType = text.xcconfig; name = "Pods-RadioButtonTest.release.xcconfig"; path = "Target Support Files/Pods-RadioButtonTest/Pods-RadioButtonTest.release.xcconfig"; sourceTree = "<group>"; };
		F1675311A3DB0F54FB837ADB /* Pods-RadioButtonTest-RadioButtonTestUITests.debug.xcconfig */ = {isa = PBXFileReference; includeInIndex = 1; lastKnownFileType = text.xcconfig; name = "Pods-RadioButtonTest-RadioButtonTestUITests.debug.xcconfig"; path = "Target Support Files/Pods-RadioButtonTest-RadioButtonTestUITests/Pods-RadioButtonTest-RadioButtonTestUITests.debug.xcconfig"; sourceTree = "<group>"; };
/* End PBXFileReference section */

/* Begin PBXFrameworksBuildPhase section */
		D82CF6B12882CD4B005711AD /* Frameworks */ = {
			isa = PBXFrameworksBuildPhase;
			buildActionMask = 2147483647;
			files = (
				64DD4819C34F66EBBCF7DEC9 /* Pods_RadioButtonTest.framework in Frameworks */,
			);
			runOnlyForDeploymentPostprocessing = 0;
		};
		D82CF6C72882CD4C005711AD /* Frameworks */ = {
			isa = PBXFrameworksBuildPhase;
			buildActionMask = 2147483647;
			files = (
				F81FD2918F3B47877C96FC80 /* Pods_RadioButtonTestTests.framework in Frameworks */,
			);
			runOnlyForDeploymentPostprocessing = 0;
		};
		D82CF6D12882CD4C005711AD /* Frameworks */ = {
			isa = PBXFrameworksBuildPhase;
			buildActionMask = 2147483647;
			files = (
				3EA68DD5A843AE4774A6EEA3 /* Pods_RadioButtonTest_RadioButtonTestUITests.framework in Frameworks */,
			);
			runOnlyForDeploymentPostprocessing = 0;
		};
/* End PBXFrameworksBuildPhase section */

/* Begin PBXGroup section */
		512F423EA808CDC9773C6D7A /* Pods */ = {
			isa = PBXGroup;
			children = (
				8D745B448283C492EEDAAE83 /* Pods-RadioButtonTest.debug.xcconfig */,
				D9D08745330BFE139EFAE7AF /* Pods-RadioButtonTest.release.xcconfig */,
				F1675311A3DB0F54FB837ADB /* Pods-RadioButtonTest-RadioButtonTestUITests.debug.xcconfig */,
				00B0C3A28F65167C25B0D842 /* Pods-RadioButtonTest-RadioButtonTestUITests.release.xcconfig */,
				8DEBB1AD5C9BA6D6D5CC04B3 /* Pods-RadioButtonTestTests.debug.xcconfig */,
				D2316C37E7343BF5CE4D663F /* Pods-RadioButtonTestTests.release.xcconfig */,
			);
			name = Pods;
			path = Pods;
			sourceTree = "<group>";
		};
		6F0F2F24B247454F875C382D /* Frameworks */ = {
			isa = PBXGroup;
			children = (
				CDEF43FD6FAC03EF01413F52 /* Pods_RadioButtonTest.framework */,
				0A43BBF33CF8C2AE6ADC9310 /* Pods_RadioButtonTest_RadioButtonTestUITests.framework */,
				1932F7A63D9187F7D1B3B5BD /* Pods_RadioButtonTestTests.framework */,
			);
			name = Frameworks;
			sourceTree = "<group>";
		};
		D82CF6AB2882CD4B005711AD = {
			isa = PBXGroup;
			children = (
				D82CF6B62882CD4B005711AD /* RadioButtonTest */,
				D82CF6CD2882CD4C005711AD /* RadioButtonTestTests */,
				D82CF6D72882CD4C005711AD /* RadioButtonTestUITests */,
				D82CF6B52882CD4B005711AD /* Products */,
				512F423EA808CDC9773C6D7A /* Pods */,
				6F0F2F24B247454F875C382D /* Frameworks */,
			);
			sourceTree = "<group>";
		};
		D82CF6B52882CD4B005711AD /* Products */ = {
			isa = PBXGroup;
			children = (
				D82CF6B42882CD4B005711AD /* RadioButtonTest.app */,
				D82CF6CA2882CD4C005711AD /* RadioButtonTestTests.xctest */,
				D82CF6D42882CD4C005711AD /* RadioButtonTestUITests.xctest */,
			);
			name = Products;
			sourceTree = "<group>";
		};
		D82CF6B62882CD4B005711AD /* RadioButtonTest */ = {
			isa = PBXGroup;
			children = (
				D82CF6B72882CD4B005711AD /* AppDelegate.swift */,
				D82CF6B92882CD4B005711AD /* SceneDelegate.swift */,
				D82CF6BB2882CD4B005711AD /* ViewController.swift */,
				D82CF6BD2882CD4B005711AD /* Main.storyboard */,
				D82CF6C02882CD4C005711AD /* Assets.xcassets */,
				D82CF6C22882CD4C005711AD /* LaunchScreen.storyboard */,
				D82CF6C52882CD4C005711AD /* Info.plist */,
			);
			path = RadioButtonTest;
			sourceTree = "<group>";
		};
		D82CF6CD2882CD4C005711AD /* RadioButtonTestTests */ = {
			isa = PBXGroup;
			children = (
				D82CF6CE2882CD4C005711AD /* RadioButtonTestTests.swift */,
			);
			path = RadioButtonTestTests;
			sourceTree = "<group>";
		};
		D82CF6D72882CD4C005711AD /* RadioButtonTestUITests */ = {
			isa = PBXGroup;
			children = (
				D82CF6D82882CD4C005711AD /* RadioButtonTestUITests.swift */,
				D82CF6DA2882CD4C005711AD /* RadioButtonTestUITestsLaunchTests.swift */,
			);
			path = RadioButtonTestUITests;
			sourceTree = "<group>";
		};
/* End PBXGroup section */

/* Begin PBXNativeTarget section */
		D82CF6B32882CD4B005711AD /* RadioButtonTest */ = {
			isa = PBXNativeTarget;
			buildConfigurationList = D82CF6DE2882CD4C005711AD /* Build configuration list for PBXNativeTarget "RadioButtonTest" */;
			buildPhases = (
				4CECE9B5AC7CA63D3FDE1E7C /* [CP] Check Pods Manifest.lock */,
				D82CF6B02882CD4B005711AD /* Sources */,
				D82CF6B12882CD4B005711AD /* Frameworks */,
				D82CF6B22882CD4B005711AD /* Resources */,
				01B22AAB1BA8CA948BE2CA4B /* [CP] Embed Pods Frameworks */,
			);
			buildRules = (
			);
			dependencies = (
			);
			name = RadioButtonTest;
			productName = RadioButtonTest;
			productReference = D82CF6B42882CD4B005711AD /* RadioButtonTest.app */;
			productType = "com.apple.product-type.application";
		};
		D82CF6C92882CD4C005711AD /* RadioButtonTestTests */ = {
			isa = PBXNativeTarget;
			buildConfigurationList = D82CF6E12882CD4C005711AD /* Build configuration list for PBXNativeTarget "RadioButtonTestTests" */;
			buildPhases = (
				955BE9F2D7809B6E214D6CDF /* [CP] Check Pods Manifest.lock */,
				D82CF6C62882CD4C005711AD /* Sources */,
				D82CF6C72882CD4C005711AD /* Frameworks */,
				D82CF6C82882CD4C005711AD /* Resources */,
			);
			buildRules = (
			);
			dependencies = (
				D82CF6CC2882CD4C005711AD /* PBXTargetDependency */,
			);
			name = RadioButtonTestTests;
			productName = RadioButtonTestTests;
			productReference = D82CF6CA2882CD4C005711AD /* RadioButtonTestTests.xctest */;
			productType = "com.apple.product-type.bundle.unit-test";
		};
		D82CF6D32882CD4C005711AD /* RadioButtonTestUITests */ = {
			isa = PBXNativeTarget;
			buildConfigurationList = D82CF6E42882CD4C005711AD /* Build configuration list for PBXNativeTarget "RadioButtonTestUITests" */;
			buildPhases = (
				8E53543AF98B05C4CC8D4456 /* [CP] Check Pods Manifest.lock */,
				D82CF6D02882CD4C005711AD /* Sources */,
				D82CF6D12882CD4C005711AD /* Frameworks */,
				D82CF6D22882CD4C005711AD /* Resources */,
				555C0EE2CCDC31CEF864FB7C /* [CP] Embed Pods Frameworks */,
			);
			buildRules = (
			);
			dependencies = (
				D82CF6D62882CD4C005711AD /* PBXTargetDependency */,
			);
			name = RadioButtonTestUITests;
			productName = RadioButtonTestUITests;
			productReference = D82CF6D42882CD4C005711AD /* RadioButtonTestUITests.xctest */;
			productType = "com.apple.product-type.bundle.ui-testing";
		};
/* End PBXNativeTarget section */

/* Begin PBXProject section */
		D82CF6AC2882CD4B005711AD /* Project object */ = {
			isa = PBXProject;
			attributes = {
				BuildIndependentTargetsInParallel = 1;
				LastSwiftUpdateCheck = 1340;
				LastUpgradeCheck = 1340;
				TargetAttributes = {
					D82CF6B32882CD4B005711AD = {
						CreatedOnToolsVersion = 13.4.1;
					};
					D82CF6C92882CD4C005711AD = {
						CreatedOnToolsVersion = 13.4.1;
						TestTargetID = D82CF6B32882CD4B005711AD;
					};
					D82CF6D32882CD4C005711AD = {
						CreatedOnToolsVersion = 13.4.1;
						TestTargetID = D82CF6B32882CD4B005711AD;
					};
				};
			};
			buildConfigurationList = D82CF6AF2882CD4B005711AD /* Build configuration list for PBXProject "RadioButtonTest" */;
			compatibilityVersion = "Xcode 13.0";
			developmentRegion = en;
			hasScannedForEncodings = 0;
			knownRegions = (
				en,
				Base,
			);
			mainGroup = D82CF6AB2882CD4B005711AD;
			productRefGroup = D82CF6B52882CD4B005711AD /* Products */;
			projectDirPath = "";
			projectRoot = "";
			targets = (
				D82CF6B32882CD4B005711AD /* RadioButtonTest */,
				D82CF6C92882CD4C005711AD /* RadioButtonTestTests */,
				D82CF6D32882CD4C005711AD /* RadioButtonTestUITests */,
			);
		};
/* End PBXProject section */

/* Begin PBXResourcesBuildPhase section */
		D82CF6B22882CD4B005711AD /* Resources */ = {
			isa = PBXResourcesBuildPhase;
			buildActionMask = 2147483647;
			files = (
				D82CF6C42882CD4C005711AD /* LaunchScreen.storyboard in Resources */,
				D82CF6C12882CD4C005711AD /* Assets.xcassets in Resources */,
				D82CF6BF2882CD4B005711AD /* Main.storyboard in Resources */,
			);
			runOnlyForDeploymentPostprocessing = 0;
		};
		D82CF6C82882CD4C005711AD /* Resources */ = {
			isa = PBXResourcesBuildPhase;
			buildActionMask = 2147483647;
			files = (
			);
			runOnlyForDeploymentPostprocessing = 0;
		};
		D82CF6D22882CD4C005711AD /* Resources */ = {
			isa = PBXResourcesBuildPhase;
			buildActionMask = 2147483647;
			files = (
			);
			runOnlyForDeploymentPostprocessing = 0;
		};
/* End PBXResourcesBuildPhase section */

/* Begin PBXShellScriptBuildPhase section */
		01B22AAB1BA8CA948BE2CA4B /* [CP] Embed Pods Frameworks */ = {
			isa = PBXShellScriptBuildPhase;
			buildActionMask = 2147483647;
			files = (
			);
			inputFileListPaths = (
				"${PODS_ROOT}/Target Support Files/Pods-RadioButtonTest/Pods-RadioButtonTest-frameworks-${CONFIGURATION}-input-files.xcfilelist",
			);
			name = "[CP] Embed Pods Frameworks";
			outputFileListPaths = (
				"${PODS_ROOT}/Target Support Files/Pods-RadioButtonTest/Pods-RadioButtonTest-frameworks-${CONFIGURATION}-output-files.xcfilelist",
			);
			runOnlyForDeploymentPostprocessing = 0;
			shellPath = /bin/sh;
			shellScript = "\"${PODS_ROOT}/Target Support Files/Pods-RadioButtonTest/Pods-RadioButtonTest-frameworks.sh\"\n";
			showEnvVarsInLog = 0;
		};
		4CECE9B5AC7CA63D3FDE1E7C /* [CP] Check Pods Manifest.lock */ = {
			isa = PBXShellScriptBuildPhase;
			buildActionMask = 2147483647;
			files = (
			);
			inputFileListPaths = (
			);
			inputPaths = (
				"${PODS_PODFILE_DIR_PATH}/Podfile.lock",
				"${PODS_ROOT}/Manifest.lock",
			);
			name = "[CP] Check Pods Manifest.lock";
			outputFileListPaths = (
			);
			outputPaths = (
				"$(DERIVED_FILE_DIR)/Pods-RadioButtonTest-checkManifestLockResult.txt",
			);
			runOnlyForDeploymentPostprocessing = 0;
			shellPath = /bin/sh;
			shellScript = "diff \"${PODS_PODFILE_DIR_PATH}/Podfile.lock\" \"${PODS_ROOT}/Manifest.lock\" > /dev/null\nif [ $? != 0 ] ; then\n    # print error to STDERR\n    echo \"error: The sandbox is not in sync with the Podfile.lock. Run 'pod install' or update your CocoaPods installation.\" >&2\n    exit 1\nfi\n# This output is used by Xcode 'outputs' to avoid re-running this script phase.\necho \"SUCCESS\" > \"${SCRIPT_OUTPUT_FILE_0}\"\n";
			showEnvVarsInLog = 0;
		};
		555C0EE2CCDC31CEF864FB7C /* [CP] Embed Pods Frameworks */ = {
			isa = PBXShellScriptBuildPhase;
			buildActionMask = 2147483647;
			files = (
			);
			inputFileListPaths = (
				"${PODS_ROOT}/Target Support Files/Pods-RadioButtonTest-RadioButtonTestUITests/Pods-RadioButtonTest-RadioButtonTestUITests-frameworks-${CONFIGURATION}-input-files.xcfilelist",
			);
			name = "[CP] Embed Pods Frameworks";
			outputFileListPaths = (
				"${PODS_ROOT}/Target Support Files/Pods-RadioButtonTest-RadioButtonTestUITests/Pods-RadioButtonTest-RadioButtonTestUITests-frameworks-${CONFIGURATION}-output-files.xcfilelist",
			);
			runOnlyForDeploymentPostprocessing = 0;
			shellPath = /bin/sh;
			shellScript = "\"${PODS_ROOT}/Target Support Files/Pods-RadioButtonTest-RadioButtonTestUITests/Pods-RadioButtonTest-RadioButtonTestUITests-frameworks.sh\"\n";
			showEnvVarsInLog = 0;
		};
		8E53543AF98B05C4CC8D4456 /* [CP] Check Pods Manifest.lock */ = {
			isa = PBXShellScriptBuildPhase;
			buildActionMask = 2147483647;
			files = (
			);
			inputFileListPaths = (
			);
			inputPaths = (
				"${PODS_PODFILE_DIR_PATH}/Podfile.lock",
				"${PODS_ROOT}/Manifest.lock",
			);
			name = "[CP] Check Pods Manifest.lock";
			outputFileListPaths = (
			);
			outputPaths = (
				"$(DERIVED_FILE_DIR)/Pods-RadioButtonTest-RadioButtonTestUITests-checkManifestLockResult.txt",
			);
			runOnlyForDeploymentPostprocessing = 0;
			shellPath = /bin/sh;
			shellScript = "diff \"${PODS_PODFILE_DIR_PATH}/Podfile.lock\" \"${PODS_ROOT}/Manifest.lock\" > /dev/null\nif [ $? != 0 ] ; then\n    # print error to STDERR\n    echo \"error: The sandbox is not in sync with the Podfile.lock. Run 'pod install' or update your CocoaPods installation.\" >&2\n    exit 1\nfi\n# This output is used by Xcode 'outputs' to avoid re-running this script phase.\necho \"SUCCESS\" > \"${SCRIPT_OUTPUT_FILE_0}\"\n";
			showEnvVarsInLog = 0;
		};
		955BE9F2D7809B6E214D6CDF /* [CP] Check Pods Manifest.lock */ = {
			isa = PBXShellScriptBuildPhase;
			buildActionMask = 2147483647;
			files = (
			);
			inputFileListPaths = (
			);
			inputPaths = (
				"${PODS_PODFILE_DIR_PATH}/Podfile.lock",
				"${PODS_ROOT}/Manifest.lock",
			);
			name = "[CP] Check Pods Manifest.lock";
			outputFileListPaths = (
			);
			outputPaths = (
				"$(DERIVED_FILE_DIR)/Pods-RadioButtonTestTests-checkManifestLockResult.txt",
			);
			runOnlyForDeploymentPostprocessing = 0;
			shellPath = /bin/sh;
			shellScript = "diff \"${PODS_PODFILE_DIR_PATH}/Podfile.lock\" \"${PODS_ROOT}/Manifest.lock\" > /dev/null\nif [ $? != 0 ] ; then\n    # print error to STDERR\n    echo \"error: The sandbox is not in sync with the Podfile.lock. Run 'pod install' or update your CocoaPods installation.\" >&2\n    exit 1\nfi\n# This output is used by Xcode 'outputs' to avoid re-running this script phase.\necho \"SUCCESS\" > \"${SCRIPT_OUTPUT_FILE_0}\"\n";
			showEnvVarsInLog = 0;
		};
/* End PBXShellScriptBuildPhase section */

/* Begin PBXSourcesBuildPhase section */
		D82CF6B02882CD4B005711AD /* Sources */ = {
			isa = PBXSourcesBuildPhase;
			buildActionMask = 2147483647;
			files = (
				D82CF6BC2882CD4B005711AD /* ViewController.swift in Sources */,
				D82CF6B82882CD4B005711AD /* AppDelegate.swift in Sources */,
				D82CF6BA2882CD4B005711AD /* SceneDelegate.swift in Sources */,
			);
			runOnlyForDeploymentPostprocessing = 0;
		};
		D82CF6C62882CD4C005711AD /* Sources */ = {
			isa = PBXSourcesBuildPhase;
			buildActionMask = 2147483647;
			files = (
				D82CF6CF2882CD4C005711AD /* RadioButtonTestTests.swift in Sources */,
			);
			runOnlyForDeploymentPostprocessing = 0;
		};
		D82CF6D02882CD4C005711AD /* Sources */ = {
			isa = PBXSourcesBuildPhase;
			buildActionMask = 2147483647;
			files = (
				D82CF6DB2882CD4C005711AD /* RadioButtonTestUITestsLaunchTests.swift in Sources */,
				D82CF6D92882CD4C005711AD /* RadioButtonTestUITests.swift in Sources */,
			);
			runOnlyForDeploymentPostprocessing = 0;
		};
/* End PBXSourcesBuildPhase section */

/* Begin PBXTargetDependency section */
		D82CF6CC2882CD4C005711AD /* PBXTargetDependency */ = {
			isa = PBXTargetDependency;
			target = D82CF6B32882CD4B005711AD /* RadioButtonTest */;
			targetProxy = D82CF6CB2882CD4C005711AD /* PBXContainerItemProxy */;
		};
		D82CF6D62882CD4C005711AD /* PBXTargetDependency */ = {
			isa = PBXTargetDependency;
			target = D82CF6B32882CD4B005711AD /* RadioButtonTest */;
			targetProxy = D82CF6D52882CD4C005711AD /* PBXContainerItemProxy */;
		};
/* End PBXTargetDependency section */

/* Begin PBXVariantGroup section */
		D82CF6BD2882CD4B005711AD /* Main.storyboard */ = {
			isa = PBXVariantGroup;
			children = (
				D82CF6BE2882CD4B005711AD /* Base */,
			);
			name = Main.storyboard;
			sourceTree = "<group>";
		};
		D82CF6C22882CD4C005711AD /* LaunchScreen.storyboard */ = {
			isa = PBXVariantGroup;
			children = (
				D82CF6C32882CD4C005711AD /* Base */,
			);
			name = LaunchScreen.storyboard;
			sourceTree = "<group>";
		};
/* End PBXVariantGroup section */

/* Begin XCBuildConfiguration section */
		D82CF6DC2882CD4C005711AD /* Debug */ = {
			isa = XCBuildConfiguration;
			buildSettings = {
				ALWAYS_SEARCH_USER_PATHS = NO;
				CLANG_ANALYZER_NONNULL = YES;
				CLANG_ANALYZER_NUMBER_OBJECT_CONVERSION = YES_AGGRESSIVE;
				CLANG_CXX_LANGUAGE_STANDARD = "gnu++17";
				CLANG_ENABLE_MODULES = YES;
				CLANG_ENABLE_OBJC_ARC = YES;
				CLANG_ENABLE_OBJC_WEAK = YES;
				CLANG_WARN_BLOCK_CAPTURE_AUTORELEASING = YES;
				CLANG_WARN_BOOL_CONVERSION = YES;
				CLANG_WARN_COMMA = YES;
				CLANG_WARN_CONSTANT_CONVERSION = YES;
				CLANG_WARN_DEPRECATED_OBJC_IMPLEMENTATIONS = YES;
				CLANG_WARN_DIRECT_OBJC_ISA_USAGE = YES_ERROR;
				CLANG_WARN_DOCUMENTATION_COMMENTS = YES;
				CLANG_WARN_EMPTY_BODY = YES;
				CLANG_WARN_ENUM_CONVERSION = YES;
				CLANG_WARN_INFINITE_RECURSION = YES;
				CLANG_WARN_INT_CONVERSION = YES;
				CLANG_WARN_NON_LITERAL_NULL_CONVERSION = YES;
				CLANG_WARN_OBJC_IMPLICIT_RETAIN_SELF = YES;
				CLANG_WARN_OBJC_LITERAL_CONVERSION = YES;
				CLANG_WARN_OBJC_ROOT_CLASS = YES_ERROR;
				CLANG_WARN_QUOTED_INCLUDE_IN_FRAMEWORK_HEADER = YES;
				CLANG_WARN_RANGE_LOOP_ANALYSIS = YES;
				CLANG_WARN_STRICT_PROTOTYPES = YES;
				CLANG_WARN_SUSPICIOUS_MOVE = YES;
				CLANG_WARN_UNGUARDED_AVAILABILITY = YES_AGGRESSIVE;
				CLANG_WARN_UNREACHABLE_CODE = YES;
				CLANG_WARN__DUPLICATE_METHOD_MATCH = YES;
				COPY_PHASE_STRIP = NO;
				DEBUG_INFORMATION_FORMAT = dwarf;
				ENABLE_STRICT_OBJC_MSGSEND = YES;
				ENABLE_TESTABILITY = YES;
				GCC_C_LANGUAGE_STANDARD = gnu11;
				GCC_DYNAMIC_NO_PIC = NO;
				GCC_NO_COMMON_BLOCKS = YES;
				GCC_OPTIMIZATION_LEVEL = 0;
				GCC_PREPROCESSOR_DEFINITIONS = (
					"DEBUG=1",
					"$(inherited)",
				);
				GCC_WARN_64_TO_32_BIT_CONVERSION = YES;
				GCC_WARN_ABOUT_RETURN_TYPE = YES_ERROR;
				GCC_WARN_UNDECLARED_SELECTOR = YES;
				GCC_WARN_UNINITIALIZED_AUTOS = YES_AGGRESSIVE;
				GCC_WARN_UNUSED_FUNCTION = YES;
				GCC_WARN_UNUSED_VARIABLE = YES;
				IPHONEOS_DEPLOYMENT_TARGET = 15.5;
				MTL_ENABLE_DEBUG_INFO = INCLUDE_SOURCE;
				MTL_FAST_MATH = YES;
				ONLY_ACTIVE_ARCH = YES;
				SDKROOT = iphoneos;
				SWIFT_ACTIVE_COMPILATION_CONDITIONS = DEBUG;
				SWIFT_OPTIMIZATION_LEVEL = "-Onone";
			};
			name = Debug;
		};
		D82CF6DD2882CD4C005711AD /* Release */ = {
			isa = XCBuildConfiguration;
			buildSettings = {
				ALWAYS_SEARCH_USER_PATHS = NO;
				CLANG_ANALYZER_NONNULL = YES;
				CLANG_ANALYZER_NUMBER_OBJECT_CONVERSION = YES_AGGRESSIVE;
				CLANG_CXX_LANGUAGE_STANDARD = "gnu++17";
				CLANG_ENABLE_MODULES = YES;
				CLANG_ENABLE_OBJC_ARC = YES;
				CLANG_ENABLE_OBJC_WEAK = YES;
				CLANG_WARN_BLOCK_CAPTURE_AUTORELEASING = YES;
				CLANG_WARN_BOOL_CONVERSION = YES;
				CLANG_WARN_COMMA = YES;
				CLANG_WARN_CONSTANT_CONVERSION = YES;
				CLANG_WARN_DEPRECATED_OBJC_IMPLEMENTATIONS = YES;
				CLANG_WARN_DIRECT_OBJC_ISA_USAGE = YES_ERROR;
				CLANG_WARN_DOCUMENTATION_COMMENTS = YES;
				CLANG_WARN_EMPTY_BODY = YES;
				CLANG_WARN_ENUM_CONVERSION = YES;
				CLANG_WARN_INFINITE_RECURSION = YES;
				CLANG_WARN_INT_CONVERSION = YES;
				CLANG_WARN_NON_LITERAL_NULL_CONVERSION = YES;
				CLANG_WARN_OBJC_IMPLICIT_RETAIN_SELF = YES;
				CLANG_WARN_OBJC_LITERAL_CONVERSION = YES;
				CLANG_WARN_OBJC_ROOT_CLASS = YES_ERROR;
				CLANG_WARN_QUOTED_INCLUDE_IN_FRAMEWORK_HEADER = YES;
				CLANG_WARN_RANGE_LOOP_ANALYSIS = YES;
				CLANG_WARN_STRICT_PROTOTYPES = YES;
				CLANG_WARN_SUSPICIOUS_MOVE = YES;
				CLANG_WARN_UNGUARDED_AVAILABILITY = YES_AGGRESSIVE;
				CLANG_WARN_UNREACHABLE_CODE = YES;
				CLANG_WARN__DUPLICATE_METHOD_MATCH = YES;
				COPY_PHASE_STRIP = NO;
				DEBUG_INFORMATION_FORMAT = "dwarf-with-dsym";
				ENABLE_NS_ASSERTIONS = NO;
				ENABLE_STRICT_OBJC_MSGSEND = YES;
				GCC_C_LANGUAGE_STANDARD = gnu11;
				GCC_NO_COMMON_BLOCKS = YES;
				GCC_WARN_64_TO_32_BIT_CONVERSION = YES;
				GCC_WARN_ABOUT_RETURN_TYPE = YES_ERROR;
				GCC_WARN_UNDECLARED_SELECTOR = YES;
				GCC_WARN_UNINITIALIZED_AUTOS = YES_AGGRESSIVE;
				GCC_WARN_UNUSED_FUNCTION = YES;
				GCC_WARN_UNUSED_VARIABLE = YES;
				IPHONEOS_DEPLOYMENT_TARGET = 15.5;
				MTL_ENABLE_DEBUG_INFO = NO;
				MTL_FAST_MATH = YES;
				SDKROOT = iphoneos;
				SWIFT_COMPILATION_MODE = wholemodule;
				SWIFT_OPTIMIZATION_LEVEL = "-O";
				VALIDATE_PRODUCT = YES;
			};
			name = Release;
		};
		D82CF6DF2882CD4C005711AD /* Debug */ = {
			isa = XCBuildConfiguration;
			baseConfigurationReference = 8D745B448283C492EEDAAE83 /* Pods-RadioButtonTest.debug.xcconfig */;
			buildSettings = {
				ASSETCATALOG_COMPILER_APPICON_NAME = AppIcon;
				ASSETCATALOG_COMPILER_GLOBAL_ACCENT_COLOR_NAME = AccentColor;
				CODE_SIGN_STYLE = Automatic;
				CURRENT_PROJECT_VERSION = 1;
				GENERATE_INFOPLIST_FILE = YES;
				INFOPLIST_FILE = RadioButtonTest/Info.plist;
				INFOPLIST_KEY_UIApplicationSupportsIndirectInputEvents = YES;
				INFOPLIST_KEY_UILaunchStoryboardName = LaunchScreen;
				INFOPLIST_KEY_UIMainStoryboardFile = Main;
				INFOPLIST_KEY_UISupportedInterfaceOrientations_iPad = "UIInterfaceOrientationPortrait UIInterfaceOrientationPortraitUpsideDown UIInterfaceOrientationLandscapeLeft UIInterfaceOrientationLandscapeRight";
				INFOPLIST_KEY_UISupportedInterfaceOrientations_iPhone = "UIInterfaceOrientationPortrait UIInterfaceOrientationLandscapeLeft UIInterfaceOrientationLandscapeRight";
				LD_RUNPATH_SEARCH_PATHS = (
					"$(inherited)",
					"@executable_path/Frameworks",
				);
				MARKETING_VERSION = 1.0;
				PRODUCT_BUNDLE_IDENTIFIER = yongbeomkwak.RadioButtonTest;
				PRODUCT_NAME = "$(TARGET_NAME)";
				SWIFT_EMIT_LOC_STRINGS = YES;
				SWIFT_VERSION = 5.0;
				TARGETED_DEVICE_FAMILY = "1,2";
			};
			name = Debug;
		};
		D82CF6E02882CD4C005711AD /* Release */ = {
			isa = XCBuildConfiguration;
			baseConfigurationReference = D9D08745330BFE139EFAE7AF /* Pods-RadioButtonTest.release.xcconfig */;
			buildSettings = {
				ASSETCATALOG_COMPILER_APPICON_NAME = AppIcon;
				ASSETCATALOG_COMPILER_GLOBAL_ACCENT_COLOR_NAME = AccentColor;
				CODE_SIGN_STYLE = Automatic;
				CURRENT_PROJECT_VERSION = 1;
				GENERATE_INFOPLIST_FILE = YES;
				INFOPLIST_FILE = RadioButtonTest/Info.plist;
				INFOPLIST_KEY_UIApplicationSupportsIndirectInputEvents = YES;
				INFOPLIST_KEY_UILaunchStoryboardName = LaunchScreen;
				INFOPLIST_KEY_UIMainStoryboardFile = Main;
				INFOPLIST_KEY_UISupportedInterfaceOrientations_iPad = "UIInterfaceOrientationPortrait UIInterfaceOrientationPortraitUpsideDown UIInterfaceOrientationLandscapeLeft UIInterfaceOrientationLandscapeRight";
				INFOPLIST_KEY_UISupportedInterfaceOrientations_iPhone = "UIInterfaceOrientationPortrait UIInterfaceOrientationLandscapeLeft UIInterfaceOrientationLandscapeRight";
				LD_RUNPATH_SEARCH_PATHS = (
					"$(inherited)",
					"@executable_path/Frameworks",
				);
				MARKETING_VERSION = 1.0;
				PRODUCT_BUNDLE_IDENTIFIER = yongbeomkwak.RadioButtonTest;
				PRODUCT_NAME = "$(TARGET_NAME)";
				SWIFT_EMIT_LOC_STRINGS = YES;
				SWIFT_VERSION = 5.0;
				TARGETED_DEVICE_FAMILY = "1,2";
			};
			name = Release;
		};
		D82CF6E22882CD4C005711AD /* Debug */ = {
			isa = XCBuildConfiguration;
			baseConfigurationReference = 8DEBB1AD5C9BA6D6D5CC04B3 /* Pods-RadioButtonTestTests.debug.xcconfig */;
			buildSettings = {
				ALWAYS_EMBED_SWIFT_STANDARD_LIBRARIES = YES;
				BUNDLE_LOADER = "$(TEST_HOST)";
				CODE_SIGN_STYLE = Automatic;
				CURRENT_PROJECT_VERSION = 1;
				GENERATE_INFOPLIST_FILE = YES;
				IPHONEOS_DEPLOYMENT_TARGET = 15.5;
				MARKETING_VERSION = 1.0;
				PRODUCT_BUNDLE_IDENTIFIER = yongbeomkwak.RadioButtonTestTests;
				PRODUCT_NAME = "$(TARGET_NAME)";
				SWIFT_EMIT_LOC_STRINGS = NO;
				SWIFT_VERSION = 5.0;
				TARGETED_DEVICE_FAMILY = "1,2";
				TEST_HOST = "$(BUILT_PRODUCTS_DIR)/RadioButtonTest.app/RadioButtonTest";
			};
			name = Debug;
		};
		D82CF6E32882CD4C005711AD /* Release */ = {
			isa = XCBuildConfiguration;
			baseConfigurationReference = D2316C37E7343BF5CE4D663F /* Pods-RadioButtonTestTests.release.xcconfig */;
			buildSettings = {
				ALWAYS_EMBED_SWIFT_STANDARD_LIBRARIES = YES;
				BUNDLE_LOADER = "$(TEST_HOST)";
				CODE_SIGN_STYLE = Automatic;
				CURRENT_PROJECT_VERSION = 1;
				GENERATE_INFOPLIST_FILE = YES;
				IPHONEOS_DEPLOYMENT_TARGET = 15.5;
				MARKETING_VERSION = 1.0;
				PRODUCT_BUNDLE_IDENTIFIER = yongbeomkwak.RadioButtonTestTests;
				PRODUCT_NAME = "$(TARGET_NAME)";
				SWIFT_EMIT_LOC_STRINGS = NO;
				SWIFT_VERSION = 5.0;
				TARGETED_DEVICE_FAMILY = "1,2";
				TEST_HOST = "$(BUILT_PRODUCTS_DIR)/RadioButtonTest.app/RadioButtonTest";
			};
			name = Release;
		};
		D82CF6E52882CD4C005711AD /* Debug */ = {
			isa = XCBuildConfiguration;
			baseConfigurationReference = F1675311A3DB0F54FB837ADB /* Pods-RadioButtonTest-RadioButtonTestUITests.debug.xcconfig */;
			buildSettings = {
				ALWAYS_EMBED_SWIFT_STANDARD_LIBRARIES = YES;
				CODE_SIGN_STYLE = Automatic;
				CURRENT_PROJECT_VERSION = 1;
				GENERATE_INFOPLIST_FILE = YES;
				MARKETING_VERSION = 1.0;
				PRODUCT_BUNDLE_IDENTIFIER = yongbeomkwak.RadioButtonTestUITests;
				PRODUCT_NAME = "$(TARGET_NAME)";
				SWIFT_EMIT_LOC_STRINGS = NO;
				SWIFT_VERSION = 5.0;
				TARGETED_DEVICE_FAMILY = "1,2";
				TEST_TARGET_NAME = RadioButtonTest;
			};
			name = Debug;
		};
		D82CF6E62882CD4C005711AD /* Release */ = {
			isa = XCBuildConfiguration;
			baseConfigurationReference = 00B0C3A28F65167C25B0D842 /* Pods-RadioButtonTest-RadioButtonTestUITests.release.xcconfig */;
			buildSettings = {
				ALWAYS_EMBED_SWIFT_STANDARD_LIBRARIES = YES;
				CODE_SIGN_STYLE = Automatic;
				CURRENT_PROJECT_VERSION = 1;
				GENERATE_INFOPLIST_FILE = YES;
				MARKETING_VERSION = 1.0;
				PRODUCT_BUNDLE_IDENTIFIER = yongbeomkwak.RadioButtonTestUITests;
				PRODUCT_NAME = "$(TARGET_NAME)";
				SWIFT_EMIT_LOC_STRINGS = NO;
				SWIFT_VERSION = 5.0;
				TARGETED_DEVICE_FAMILY = "1,2";
				TEST_TARGET_NAME = RadioButtonTest;
			};
			name = Release;
		};
/* End XCBuildConfiguration section */

/* Begin XCConfigurationList section */
		D82CF6AF2882CD4B005711AD /* Build configuration list for PBXProject "RadioButtonTest" */ = {
			isa = XCConfigurationList;
			buildConfigurations = (
				D82CF6DC2882CD4C005711AD /* Debug */,
				D82CF6DD2882CD4C005711AD /* Release */,
			);
			defaultConfigurationIsVisible = 0;
			defaultConfigurationName = Release;
		};
		D82CF6DE2882CD4C005711AD /* Build configuration list for PBXNativeTarget "RadioButtonTest" */ = {
			isa = XCConfigurationList;
			buildConfigurations = (
				D82CF6DF2882CD4C005711AD /* Debug */,
				D82CF6E02882CD4C005711AD /* Release */,
			);
			defaultConfigurationIsVisible = 0;
			defaultConfigurationName = Release;
		};
		D82CF6E12882CD4C005711AD /* Build configuration list for PBXNativeTarget "RadioButtonTestTests" */ = {
			isa = XCConfigurationList;
			buildConfigurations = (
				D82CF6E22882CD4C005711AD /* Debug */,
				D82CF6E32882CD4C005711AD /* Release */,
			);
			defaultConfigurationIsVisible = 0;
			defaultConfigurationName = Release;
		};
		D82CF6E42882CD4C005711AD /* Build configuration list for PBXNativeTarget "RadioButtonTestUITests" */ = {
			isa = XCConfigurationList;
			buildConfigurations = (
				D82CF6E52882CD4C005711AD /* Debug */,
				D82CF6E62882CD4C005711AD /* Release */,
			);
			defaultConfigurationIsVisible = 0;
			defaultConfigurationName = Release;
		};
/* End XCConfigurationList section */
	};
	rootObject = D82CF6AC2882CD4B005711AD /* Project object */;
}
