// !$*UTF8*$!
{
	archiveVersion = 1;
	classes = {
	};
	objectVersion = 55;
	objects = {

/* Begin PBXBuildFile section */
		9A69DC89DE2AEBF63A75E09E /* Pods_RxSwiftTest_RxSwiftTestUITests.framework in Frameworks */ = {isa = PBXBuildFile; fileRef = B3F3497D3678EB96A68BE6A8 /* Pods_RxSwiftTest_RxSwiftTestUITests.framework */; };
		C8E624332EB3F771C9B6FD9E /* Pods_RxSwiftTest.framework in Frameworks */ = {isa = PBXBuildFile; fileRef = BD77E6B35EC9A5F8E9B085F0 /* Pods_RxSwiftTest.framework */; };
		D80F7057287C7C1000231376 /* AppDelegate.swift in Sources */ = {isa = PBXBuildFile; fileRef = D80F7056287C7C1000231376 /* AppDelegate.swift */; };
		D80F7059287C7C1000231376 /* SceneDelegate.swift in Sources */ = {isa = PBXBuildFile; fileRef = D80F7058287C7C1000231376 /* SceneDelegate.swift */; };
		D80F705B287C7C1000231376 /* ViewController.swift in Sources */ = {isa = PBXBuildFile; fileRef = D80F705A287C7C1000231376 /* ViewController.swift */; };
		D80F705E287C7C1000231376 /* Main.storyboard in Resources */ = {isa = PBXBuildFile; fileRef = D80F705C287C7C1000231376 /* Main.storyboard */; };
		D80F7060287C7C1100231376 /* Assets.xcassets in Resources */ = {isa = PBXBuildFile; fileRef = D80F705F287C7C1100231376 /* Assets.xcassets */; };
		D80F7063287C7C1100231376 /* LaunchScreen.storyboard in Resources */ = {isa = PBXBuildFile; fileRef = D80F7061287C7C1100231376 /* LaunchScreen.storyboard */; };
		D80F706E287C7C1100231376 /* RxSwiftTestTests.swift in Sources */ = {isa = PBXBuildFile; fileRef = D80F706D287C7C1100231376 /* RxSwiftTestTests.swift */; };
		D80F7078287C7C1100231376 /* RxSwiftTestUITests.swift in Sources */ = {isa = PBXBuildFile; fileRef = D80F7077287C7C1100231376 /* RxSwiftTestUITests.swift */; };
		D80F707A287C7C1100231376 /* RxSwiftTestUITestsLaunchTests.swift in Sources */ = {isa = PBXBuildFile; fileRef = D80F7079287C7C1100231376 /* RxSwiftTestUITestsLaunchTests.swift */; };
		F00EA10F3B41BA3CD626F8EC /* Pods_RxSwiftTestTests.framework in Frameworks */ = {isa = PBXBuildFile; fileRef = 7BC0C94891995FCF16A2D6DC /* Pods_RxSwiftTestTests.framework */; };
/* End PBXBuildFile section */

/* Begin PBXContainerItemProxy section */
		D80F706A287C7C1100231376 /* PBXContainerItemProxy */ = {
			isa = PBXContainerItemProxy;
			containerPortal = D80F704B287C7C1000231376 /* Project object */;
			proxyType = 1;
			remoteGlobalIDString = D80F7052287C7C1000231376;
			remoteInfo = RxSwiftTest;
		};
		D80F7074287C7C1100231376 /* PBXContainerItemProxy */ = {
			isa = PBXContainerItemProxy;
			containerPortal = D80F704B287C7C1000231376 /* Project object */;
			proxyType = 1;
			remoteGlobalIDString = D80F7052287C7C1000231376;
			remoteInfo = RxSwiftTest;
		};
/* End PBXContainerItemProxy section */

/* Begin PBXFileReference section */
		0DC21B91A89C64837833177C /* Pods-RxSwiftTestTests.debug.xcconfig */ = {isa = PBXFileReference; includeInIndex = 1; lastKnownFileType = text.xcconfig; name = "Pods-RxSwiftTestTests.debug.xcconfig"; path = "Target Support Files/Pods-RxSwiftTestTests/Pods-RxSwiftTestTests.debug.xcconfig"; sourceTree = "<group>"; };
		0F55EAEFE2CBDC2E358FF954 /* Pods-RxSwiftTest.debug.xcconfig */ = {isa = PBXFileReference; includeInIndex = 1; lastKnownFileType = text.xcconfig; name = "Pods-RxSwiftTest.debug.xcconfig"; path = "Target Support Files/Pods-RxSwiftTest/Pods-RxSwiftTest.debug.xcconfig"; sourceTree = "<group>"; };
		403A378A9543E5FE19BA1960 /* Pods-RxSwiftTest-RxSwiftTestUITests.debug.xcconfig */ = {isa = PBXFileReference; includeInIndex = 1; lastKnownFileType = text.xcconfig; name = "Pods-RxSwiftTest-RxSwiftTestUITests.debug.xcconfig"; path = "Target Support Files/Pods-RxSwiftTest-RxSwiftTestUITests/Pods-RxSwiftTest-RxSwiftTestUITests.debug.xcconfig"; sourceTree = "<group>"; };
		5799CF2790C1E547320862B7 /* Pods-RxSwiftTest.release.xcconfig */ = {isa = PBXFileReference; includeInIndex = 1; lastKnownFileType = text.xcconfig; name = "Pods-RxSwiftTest.release.xcconfig"; path = "Target Support Files/Pods-RxSwiftTest/Pods-RxSwiftTest.release.xcconfig"; sourceTree = "<group>"; };
		60A26D102BCA3A9048024544 /* Pods-RxSwiftTestTests.release.xcconfig */ = {isa = PBXFileReference; includeInIndex = 1; lastKnownFileType = text.xcconfig; name = "Pods-RxSwiftTestTests.release.xcconfig"; path = "Target Support Files/Pods-RxSwiftTestTests/Pods-RxSwiftTestTests.release.xcconfig"; sourceTree = "<group>"; };
		7BC0C94891995FCF16A2D6DC /* Pods_RxSwiftTestTests.framework */ = {isa = PBXFileReference; explicitFileType = wrapper.framework; includeInIndex = 0; path = Pods_RxSwiftTestTests.framework; sourceTree = BUILT_PRODUCTS_DIR; };
		8B1FA9A3255F28042D33C739 /* Pods-RxSwiftTest-RxSwiftTestUITests.release.xcconfig */ = {isa = PBXFileReference; includeInIndex = 1; lastKnownFileType = text.xcconfig; name = "Pods-RxSwiftTest-RxSwiftTestUITests.release.xcconfig"; path = "Target Support Files/Pods-RxSwiftTest-RxSwiftTestUITests/Pods-RxSwiftTest-RxSwiftTestUITests.release.xcconfig"; sourceTree = "<group>"; };
		B3F3497D3678EB96A68BE6A8 /* Pods_RxSwiftTest_RxSwiftTestUITests.framework */ = {isa = PBXFileReference; explicitFileType = wrapper.framework; includeInIndex = 0; path = Pods_RxSwiftTest_RxSwiftTestUITests.framework; sourceTree = BUILT_PRODUCTS_DIR; };
		BD77E6B35EC9A5F8E9B085F0 /* Pods_RxSwiftTest.framework */ = {isa = PBXFileReference; explicitFileType = wrapper.framework; includeInIndex = 0; path = Pods_RxSwiftTest.framework; sourceTree = BUILT_PRODUCTS_DIR; };
		D80F7053287C7C1000231376 /* RxSwiftTest.app */ = {isa = PBXFileReference; explicitFileType = wrapper.application; includeInIndex = 0; path = RxSwiftTest.app; sourceTree = BUILT_PRODUCTS_DIR; };
		D80F7056287C7C1000231376 /* AppDelegate.swift */ = {isa = PBXFileReference; lastKnownFileType = sourcecode.swift; path = AppDelegate.swift; sourceTree = "<group>"; };
		D80F7058287C7C1000231376 /* SceneDelegate.swift */ = {isa = PBXFileReference; lastKnownFileType = sourcecode.swift; path = SceneDelegate.swift; sourceTree = "<group>"; };
		D80F705A287C7C1000231376 /* ViewController.swift */ = {isa = PBXFileReference; lastKnownFileType = sourcecode.swift; path = ViewController.swift; sourceTree = "<group>"; };
		D80F705D287C7C1000231376 /* Base */ = {isa = PBXFileReference; lastKnownFileType = file.storyboard; name = Base; path = Base.lproj/Main.storyboard; sourceTree = "<group>"; };
		D80F705F287C7C1100231376 /* Assets.xcassets */ = {isa = PBXFileReference; lastKnownFileType = folder.assetcatalog; path = Assets.xcassets; sourceTree = "<group>"; };
		D80F7062287C7C1100231376 /* Base */ = {isa = PBXFileReference; lastKnownFileType = file.storyboard; name = Base; path = Base.lproj/LaunchScreen.storyboard; sourceTree = "<group>"; };
		D80F7064287C7C1100231376 /* Info.plist */ = {isa = PBXFileReference; lastKnownFileType = text.plist.xml; path = Info.plist; sourceTree = "<group>"; };
		D80F7069287C7C1100231376 /* RxSwiftTestTests.xctest */ = {isa = PBXFileReference; explicitFileType = wrapper.cfbundle; includeInIndex = 0; path = RxSwiftTestTests.xctest; sourceTree = BUILT_PRODUCTS_DIR; };
		D80F706D287C7C1100231376 /* RxSwiftTestTests.swift */ = {isa = PBXFileReference; lastKnownFileType = sourcecode.swift; path = RxSwiftTestTests.swift; sourceTree = "<group>"; };
		D80F7073287C7C1100231376 /* RxSwiftTestUITests.xctest */ = {isa = PBXFileReference; explicitFileType = wrapper.cfbundle; includeInIndex = 0; path = RxSwiftTestUITests.xctest; sourceTree = BUILT_PRODUCTS_DIR; };
		D80F7077287C7C1100231376 /* RxSwiftTestUITests.swift */ = {isa = PBXFileReference; lastKnownFileType = sourcecode.swift; path = RxSwiftTestUITests.swift; sourceTree = "<group>"; };
		D80F7079287C7C1100231376 /* RxSwiftTestUITestsLaunchTests.swift */ = {isa = PBXFileReference; lastKnownFileType = sourcecode.swift; path = RxSwiftTestUITestsLaunchTests.swift; sourceTree = "<group>"; };
		D80F7086287C7C5200231376 /* RxSwiftPL.playground */ = {isa = PBXFileReference; lastKnownFileType = file.playground; name = RxSwiftPL.playground; path = ../RxSwiftPL.playground; sourceTree = "<group>"; xcLanguageSpecificationIdentifier = xcode.lang.swift; };
/* End PBXFileReference section */

/* Begin PBXFrameworksBuildPhase section */
		D80F7050287C7C1000231376 /* Frameworks */ = {
			isa = PBXFrameworksBuildPhase;
			buildActionMask = 2147483647;
			files = (
				C8E624332EB3F771C9B6FD9E /* Pods_RxSwiftTest.framework in Frameworks */,
			);
			runOnlyForDeploymentPostprocessing = 0;
		};
		D80F7066287C7C1100231376 /* Frameworks */ = {
			isa = PBXFrameworksBuildPhase;
			buildActionMask = 2147483647;
			files = (
				F00EA10F3B41BA3CD626F8EC /* Pods_RxSwiftTestTests.framework in Frameworks */,
			);
			runOnlyForDeploymentPostprocessing = 0;
		};
		D80F7070287C7C1100231376 /* Frameworks */ = {
			isa = PBXFrameworksBuildPhase;
			buildActionMask = 2147483647;
			files = (
				9A69DC89DE2AEBF63A75E09E /* Pods_RxSwiftTest_RxSwiftTestUITests.framework in Frameworks */,
			);
			runOnlyForDeploymentPostprocessing = 0;
		};
/* End PBXFrameworksBuildPhase section */

/* Begin PBXGroup section */
		2B85D60571DF83844C706481 /* Pods */ = {
			isa = PBXGroup;
			children = (
				0F55EAEFE2CBDC2E358FF954 /* Pods-RxSwiftTest.debug.xcconfig */,
				5799CF2790C1E547320862B7 /* Pods-RxSwiftTest.release.xcconfig */,
				403A378A9543E5FE19BA1960 /* Pods-RxSwiftTest-RxSwiftTestUITests.debug.xcconfig */,
				8B1FA9A3255F28042D33C739 /* Pods-RxSwiftTest-RxSwiftTestUITests.release.xcconfig */,
				0DC21B91A89C64837833177C /* Pods-RxSwiftTestTests.debug.xcconfig */,
				60A26D102BCA3A9048024544 /* Pods-RxSwiftTestTests.release.xcconfig */,
			);
			name = Pods;
			path = Pods;
			sourceTree = "<group>";
		};
		D80F704A287C7C1000231376 = {
			isa = PBXGroup;
			children = (
				D80F7086287C7C5200231376 /* RxSwiftPL.playground */,
				D80F7055287C7C1000231376 /* RxSwiftTest */,
				D80F706C287C7C1100231376 /* RxSwiftTestTests */,
				D80F7076287C7C1100231376 /* RxSwiftTestUITests */,
				D80F7054287C7C1000231376 /* Products */,
				2B85D60571DF83844C706481 /* Pods */,
				E83E4961DD413DDCD751A73E /* Frameworks */,
			);
			sourceTree = "<group>";
		};
		D80F7054287C7C1000231376 /* Products */ = {
			isa = PBXGroup;
			children = (
				D80F7053287C7C1000231376 /* RxSwiftTest.app */,
				D80F7069287C7C1100231376 /* RxSwiftTestTests.xctest */,
				D80F7073287C7C1100231376 /* RxSwiftTestUITests.xctest */,
			);
			name = Products;
			sourceTree = "<group>";
		};
		D80F7055287C7C1000231376 /* RxSwiftTest */ = {
			isa = PBXGroup;
			children = (
				D80F7056287C7C1000231376 /* AppDelegate.swift */,
				D80F7058287C7C1000231376 /* SceneDelegate.swift */,
				D80F705A287C7C1000231376 /* ViewController.swift */,
				D80F705C287C7C1000231376 /* Main.storyboard */,
				D80F705F287C7C1100231376 /* Assets.xcassets */,
				D80F7061287C7C1100231376 /* LaunchScreen.storyboard */,
				D80F7064287C7C1100231376 /* Info.plist */,
			);
			path = RxSwiftTest;
			sourceTree = "<group>";
		};
		D80F706C287C7C1100231376 /* RxSwiftTestTests */ = {
			isa = PBXGroup;
			children = (
				D80F706D287C7C1100231376 /* RxSwiftTestTests.swift */,
			);
			path = RxSwiftTestTests;
			sourceTree = "<group>";
		};
		D80F7076287C7C1100231376 /* RxSwiftTestUITests */ = {
			isa = PBXGroup;
			children = (
				D80F7077287C7C1100231376 /* RxSwiftTestUITests.swift */,
				D80F7079287C7C1100231376 /* RxSwiftTestUITestsLaunchTests.swift */,
			);
			path = RxSwiftTestUITests;
			sourceTree = "<group>";
		};
		E83E4961DD413DDCD751A73E /* Frameworks */ = {
			isa = PBXGroup;
			children = (
				BD77E6B35EC9A5F8E9B085F0 /* Pods_RxSwiftTest.framework */,
				B3F3497D3678EB96A68BE6A8 /* Pods_RxSwiftTest_RxSwiftTestUITests.framework */,
				7BC0C94891995FCF16A2D6DC /* Pods_RxSwiftTestTests.framework */,
			);
			name = Frameworks;
			sourceTree = "<group>";
		};
/* End PBXGroup section */

/* Begin PBXNativeTarget section */
		D80F7052287C7C1000231376 /* RxSwiftTest */ = {
			isa = PBXNativeTarget;
			buildConfigurationList = D80F707D287C7C1100231376 /* Build configuration list for PBXNativeTarget "RxSwiftTest" */;
			buildPhases = (
				C93619A46908CB62096FCD03 /* [CP] Check Pods Manifest.lock */,
				D80F704F287C7C1000231376 /* Sources */,
				D80F7050287C7C1000231376 /* Frameworks */,
				D80F7051287C7C1000231376 /* Resources */,
				823375CE4ABB3D3F8BADAD22 /* [CP] Embed Pods Frameworks */,
			);
			buildRules = (
			);
			dependencies = (
			);
			name = RxSwiftTest;
			productName = RxSwiftTest;
			productReference = D80F7053287C7C1000231376 /* RxSwiftTest.app */;
			productType = "com.apple.product-type.application";
		};
		D80F7068287C7C1100231376 /* RxSwiftTestTests */ = {
			isa = PBXNativeTarget;
			buildConfigurationList = D80F7080287C7C1100231376 /* Build configuration list for PBXNativeTarget "RxSwiftTestTests" */;
			buildPhases = (
				7F822DF7B974FB55FD6EF97A /* [CP] Check Pods Manifest.lock */,
				D80F7065287C7C1100231376 /* Sources */,
				D80F7066287C7C1100231376 /* Frameworks */,
				D80F7067287C7C1100231376 /* Resources */,
			);
			buildRules = (
			);
			dependencies = (
				D80F706B287C7C1100231376 /* PBXTargetDependency */,
			);
			name = RxSwiftTestTests;
			productName = RxSwiftTestTests;
			productReference = D80F7069287C7C1100231376 /* RxSwiftTestTests.xctest */;
			productType = "com.apple.product-type.bundle.unit-test";
		};
		D80F7072287C7C1100231376 /* RxSwiftTestUITests */ = {
			isa = PBXNativeTarget;
			buildConfigurationList = D80F7083287C7C1100231376 /* Build configuration list for PBXNativeTarget "RxSwiftTestUITests" */;
			buildPhases = (
				DD8CE060F43089CB8F651A0F /* [CP] Check Pods Manifest.lock */,
				D80F706F287C7C1100231376 /* Sources */,
				D80F7070287C7C1100231376 /* Frameworks */,
				D80F7071287C7C1100231376 /* Resources */,
				A6127910EF959C37B15E64A2 /* [CP] Embed Pods Frameworks */,
			);
			buildRules = (
			);
			dependencies = (
				D80F7075287C7C1100231376 /* PBXTargetDependency */,
			);
			name = RxSwiftTestUITests;
			productName = RxSwiftTestUITests;
			productReference = D80F7073287C7C1100231376 /* RxSwiftTestUITests.xctest */;
			productType = "com.apple.product-type.bundle.ui-testing";
		};
/* End PBXNativeTarget section */

/* Begin PBXProject section */
		D80F704B287C7C1000231376 /* Project object */ = {
			isa = PBXProject;
			attributes = {
				BuildIndependentTargetsInParallel = 1;
				LastSwiftUpdateCheck = 1340;
				LastUpgradeCheck = 1340;
				TargetAttributes = {
					D80F7052287C7C1000231376 = {
						CreatedOnToolsVersion = 13.4.1;
					};
					D80F7068287C7C1100231376 = {
						CreatedOnToolsVersion = 13.4.1;
						TestTargetID = D80F7052287C7C1000231376;
					};
					D80F7072287C7C1100231376 = {
						CreatedOnToolsVersion = 13.4.1;
						TestTargetID = D80F7052287C7C1000231376;
					};
				};
			};
			buildConfigurationList = D80F704E287C7C1000231376 /* Build configuration list for PBXProject "RxSwiftTest" */;
			compatibilityVersion = "Xcode 13.0";
			developmentRegion = en;
			hasScannedForEncodings = 0;
			knownRegions = (
				en,
				Base,
			);
			mainGroup = D80F704A287C7C1000231376;
			productRefGroup = D80F7054287C7C1000231376 /* Products */;
			projectDirPath = "";
			projectRoot = "";
			targets = (
				D80F7052287C7C1000231376 /* RxSwiftTest */,
				D80F7068287C7C1100231376 /* RxSwiftTestTests */,
				D80F7072287C7C1100231376 /* RxSwiftTestUITests */,
			);
		};
/* End PBXProject section */

/* Begin PBXResourcesBuildPhase section */
		D80F7051287C7C1000231376 /* Resources */ = {
			isa = PBXResourcesBuildPhase;
			buildActionMask = 2147483647;
			files = (
				D80F7063287C7C1100231376 /* LaunchScreen.storyboard in Resources */,
				D80F7060287C7C1100231376 /* Assets.xcassets in Resources */,
				D80F705E287C7C1000231376 /* Main.storyboard in Resources */,
			);
			runOnlyForDeploymentPostprocessing = 0;
		};
		D80F7067287C7C1100231376 /* Resources */ = {
			isa = PBXResourcesBuildPhase;
			buildActionMask = 2147483647;
			files = (
			);
			runOnlyForDeploymentPostprocessing = 0;
		};
		D80F7071287C7C1100231376 /* Resources */ = {
			isa = PBXResourcesBuildPhase;
			buildActionMask = 2147483647;
			files = (
			);
			runOnlyForDeploymentPostprocessing = 0;
		};
/* End PBXResourcesBuildPhase section */

/* Begin PBXShellScriptBuildPhase section */
		7F822DF7B974FB55FD6EF97A /* [CP] Check Pods Manifest.lock */ = {
			isa = PBXShellScriptBuildPhase;
			buildActionMask = 2147483647;
			files = (
			);
			inputFileListPaths = (
			);
			inputPaths = (
				"${PODS_PODFILE_DIR_PATH}/Podfile.lock",
				"${PODS_ROOT}/Manifest.lock",
			);
			name = "[CP] Check Pods Manifest.lock";
			outputFileListPaths = (
			);
			outputPaths = (
				"$(DERIVED_FILE_DIR)/Pods-RxSwiftTestTests-checkManifestLockResult.txt",
			);
			runOnlyForDeploymentPostprocessing = 0;
			shellPath = /bin/sh;
			shellScript = "diff \"${PODS_PODFILE_DIR_PATH}/Podfile.lock\" \"${PODS_ROOT}/Manifest.lock\" > /dev/null\nif [ $? != 0 ] ; then\n    # print error to STDERR\n    echo \"error: The sandbox is not in sync with the Podfile.lock. Run 'pod install' or update your CocoaPods installation.\" >&2\n    exit 1\nfi\n# This output is used by Xcode 'outputs' to avoid re-running this script phase.\necho \"SUCCESS\" > \"${SCRIPT_OUTPUT_FILE_0}\"\n";
			showEnvVarsInLog = 0;
		};
		823375CE4ABB3D3F8BADAD22 /* [CP] Embed Pods Frameworks */ = {
			isa = PBXShellScriptBuildPhase;
			buildActionMask = 2147483647;
			files = (
			);
			inputFileListPaths = (
				"${PODS_ROOT}/Target Support Files/Pods-RxSwiftTest/Pods-RxSwiftTest-frameworks-${CONFIGURATION}-input-files.xcfilelist",
			);
			name = "[CP] Embed Pods Frameworks";
			outputFileListPaths = (
				"${PODS_ROOT}/Target Support Files/Pods-RxSwiftTest/Pods-RxSwiftTest-frameworks-${CONFIGURATION}-output-files.xcfilelist",
			);
			runOnlyForDeploymentPostprocessing = 0;
			shellPath = /bin/sh;
			shellScript = "\"${PODS_ROOT}/Target Support Files/Pods-RxSwiftTest/Pods-RxSwiftTest-frameworks.sh\"\n";
			showEnvVarsInLog = 0;
		};
		A6127910EF959C37B15E64A2 /* [CP] Embed Pods Frameworks */ = {
			isa = PBXShellScriptBuildPhase;
			buildActionMask = 2147483647;
			files = (
			);
			inputFileListPaths = (
				"${PODS_ROOT}/Target Support Files/Pods-RxSwiftTest-RxSwiftTestUITests/Pods-RxSwiftTest-RxSwiftTestUITests-frameworks-${CONFIGURATION}-input-files.xcfilelist",
			);
			name = "[CP] Embed Pods Frameworks";
			outputFileListPaths = (
				"${PODS_ROOT}/Target Support Files/Pods-RxSwiftTest-RxSwiftTestUITests/Pods-RxSwiftTest-RxSwiftTestUITests-frameworks-${CONFIGURATION}-output-files.xcfilelist",
			);
			runOnlyForDeploymentPostprocessing = 0;
			shellPath = /bin/sh;
			shellScript = "\"${PODS_ROOT}/Target Support Files/Pods-RxSwiftTest-RxSwiftTestUITests/Pods-RxSwiftTest-RxSwiftTestUITests-frameworks.sh\"\n";
			showEnvVarsInLog = 0;
		};
		C93619A46908CB62096FCD03 /* [CP] Check Pods Manifest.lock */ = {
			isa = PBXShellScriptBuildPhase;
			buildActionMask = 2147483647;
			files = (
			);
			inputFileListPaths = (
			);
			inputPaths = (
				"${PODS_PODFILE_DIR_PATH}/Podfile.lock",
				"${PODS_ROOT}/Manifest.lock",
			);
			name = "[CP] Check Pods Manifest.lock";
			outputFileListPaths = (
			);
			outputPaths = (
				"$(DERIVED_FILE_DIR)/Pods-RxSwiftTest-checkManifestLockResult.txt",
			);
			runOnlyForDeploymentPostprocessing = 0;
			shellPath = /bin/sh;
			shellScript = "diff \"${PODS_PODFILE_DIR_PATH}/Podfile.lock\" \"${PODS_ROOT}/Manifest.lock\" > /dev/null\nif [ $? != 0 ] ; then\n    # print error to STDERR\n    echo \"error: The sandbox is not in sync with the Podfile.lock. Run 'pod install' or update your CocoaPods installation.\" >&2\n    exit 1\nfi\n# This output is used by Xcode 'outputs' to avoid re-running this script phase.\necho \"SUCCESS\" > \"${SCRIPT_OUTPUT_FILE_0}\"\n";
			showEnvVarsInLog = 0;
		};
		DD8CE060F43089CB8F651A0F /* [CP] Check Pods Manifest.lock */ = {
			isa = PBXShellScriptBuildPhase;
			buildActionMask = 2147483647;
			files = (
			);
			inputFileListPaths = (
			);
			inputPaths = (
				"${PODS_PODFILE_DIR_PATH}/Podfile.lock",
				"${PODS_ROOT}/Manifest.lock",
			);
			name = "[CP] Check Pods Manifest.lock";
			outputFileListPaths = (
			);
			outputPaths = (
				"$(DERIVED_FILE_DIR)/Pods-RxSwiftTest-RxSwiftTestUITests-checkManifestLockResult.txt",
			);
			runOnlyForDeploymentPostprocessing = 0;
			shellPath = /bin/sh;
			shellScript = "diff \"${PODS_PODFILE_DIR_PATH}/Podfile.lock\" \"${PODS_ROOT}/Manifest.lock\" > /dev/null\nif [ $? != 0 ] ; then\n    # print error to STDERR\n    echo \"error: The sandbox is not in sync with the Podfile.lock. Run 'pod install' or update your CocoaPods installation.\" >&2\n    exit 1\nfi\n# This output is used by Xcode 'outputs' to avoid re-running this script phase.\necho \"SUCCESS\" > \"${SCRIPT_OUTPUT_FILE_0}\"\n";
			showEnvVarsInLog = 0;
		};
/* End PBXShellScriptBuildPhase section */

/* Begin PBXSourcesBuildPhase section */
		D80F704F287C7C1000231376 /* Sources */ = {
			isa = PBXSourcesBuildPhase;
			buildActionMask = 2147483647;
			files = (
				D80F705B287C7C1000231376 /* ViewController.swift in Sources */,
				D80F7057287C7C1000231376 /* AppDelegate.swift in Sources */,
				D80F7059287C7C1000231376 /* SceneDelegate.swift in Sources */,
			);
			runOnlyForDeploymentPostprocessing = 0;
		};
		D80F7065287C7C1100231376 /* Sources */ = {
			isa = PBXSourcesBuildPhase;
			buildActionMask = 2147483647;
			files = (
				D80F706E287C7C1100231376 /* RxSwiftTestTests.swift in Sources */,
			);
			runOnlyForDeploymentPostprocessing = 0;
		};
		D80F706F287C7C1100231376 /* Sources */ = {
			isa = PBXSourcesBuildPhase;
			buildActionMask = 2147483647;
			files = (
				D80F707A287C7C1100231376 /* RxSwiftTestUITestsLaunchTests.swift in Sources */,
				D80F7078287C7C1100231376 /* RxSwiftTestUITests.swift in Sources */,
			);
			runOnlyForDeploymentPostprocessing = 0;
		};
/* End PBXSourcesBuildPhase section */

/* Begin PBXTargetDependency section */
		D80F706B287C7C1100231376 /* PBXTargetDependency */ = {
			isa = PBXTargetDependency;
			target = D80F7052287C7C1000231376 /* RxSwiftTest */;
			targetProxy = D80F706A287C7C1100231376 /* PBXContainerItemProxy */;
		};
		D80F7075287C7C1100231376 /* PBXTargetDependency */ = {
			isa = PBXTargetDependency;
			target = D80F7052287C7C1000231376 /* RxSwiftTest */;
			targetProxy = D80F7074287C7C1100231376 /* PBXContainerItemProxy */;
		};
/* End PBXTargetDependency section */

/* Begin PBXVariantGroup section */
		D80F705C287C7C1000231376 /* Main.storyboard */ = {
			isa = PBXVariantGroup;
			children = (
				D80F705D287C7C1000231376 /* Base */,
			);
			name = Main.storyboard;
			sourceTree = "<group>";
		};
		D80F7061287C7C1100231376 /* LaunchScreen.storyboard */ = {
			isa = PBXVariantGroup;
			children = (
				D80F7062287C7C1100231376 /* Base */,
			);
			name = LaunchScreen.storyboard;
			sourceTree = "<group>";
		};
/* End PBXVariantGroup section */

/* Begin XCBuildConfiguration section */
		D80F707B287C7C1100231376 /* Debug */ = {
			isa = XCBuildConfiguration;
			buildSettings = {
				ALWAYS_SEARCH_USER_PATHS = NO;
				CLANG_ANALYZER_NONNULL = YES;
				CLANG_ANALYZER_NUMBER_OBJECT_CONVERSION = YES_AGGRESSIVE;
				CLANG_CXX_LANGUAGE_STANDARD = "gnu++17";
				CLANG_ENABLE_MODULES = YES;
				CLANG_ENABLE_OBJC_ARC = YES;
				CLANG_ENABLE_OBJC_WEAK = YES;
				CLANG_WARN_BLOCK_CAPTURE_AUTORELEASING = YES;
				CLANG_WARN_BOOL_CONVERSION = YES;
				CLANG_WARN_COMMA = YES;
				CLANG_WARN_CONSTANT_CONVERSION = YES;
				CLANG_WARN_DEPRECATED_OBJC_IMPLEMENTATIONS = YES;
				CLANG_WARN_DIRECT_OBJC_ISA_USAGE = YES_ERROR;
				CLANG_WARN_DOCUMENTATION_COMMENTS = YES;
				CLANG_WARN_EMPTY_BODY = YES;
				CLANG_WARN_ENUM_CONVERSION = YES;
				CLANG_WARN_INFINITE_RECURSION = YES;
				CLANG_WARN_INT_CONVERSION = YES;
				CLANG_WARN_NON_LITERAL_NULL_CONVERSION = YES;
				CLANG_WARN_OBJC_IMPLICIT_RETAIN_SELF = YES;
				CLANG_WARN_OBJC_LITERAL_CONVERSION = YES;
				CLANG_WARN_OBJC_ROOT_CLASS = YES_ERROR;
				CLANG_WARN_QUOTED_INCLUDE_IN_FRAMEWORK_HEADER = YES;
				CLANG_WARN_RANGE_LOOP_ANALYSIS = YES;
				CLANG_WARN_STRICT_PROTOTYPES = YES;
				CLANG_WARN_SUSPICIOUS_MOVE = YES;
				CLANG_WARN_UNGUARDED_AVAILABILITY = YES_AGGRESSIVE;
				CLANG_WARN_UNREACHABLE_CODE = YES;
				CLANG_WARN__DUPLICATE_METHOD_MATCH = YES;
				COPY_PHASE_STRIP = NO;
				DEBUG_INFORMATION_FORMAT = dwarf;
				ENABLE_STRICT_OBJC_MSGSEND = YES;
				ENABLE_TESTABILITY = YES;
				GCC_C_LANGUAGE_STANDARD = gnu11;
				GCC_DYNAMIC_NO_PIC = NO;
				GCC_NO_COMMON_BLOCKS = YES;
				GCC_OPTIMIZATION_LEVEL = 0;
				GCC_PREPROCESSOR_DEFINITIONS = (
					"DEBUG=1",
					"$(inherited)",
				);
				GCC_WARN_64_TO_32_BIT_CONVERSION = YES;
				GCC_WARN_ABOUT_RETURN_TYPE = YES_ERROR;
				GCC_WARN_UNDECLARED_SELECTOR = YES;
				GCC_WARN_UNINITIALIZED_AUTOS = YES_AGGRESSIVE;
				GCC_WARN_UNUSED_FUNCTION = YES;
				GCC_WARN_UNUSED_VARIABLE = YES;
				IPHONEOS_DEPLOYMENT_TARGET = 15.5;
				MTL_ENABLE_DEBUG_INFO = INCLUDE_SOURCE;
				MTL_FAST_MATH = YES;
				ONLY_ACTIVE_ARCH = YES;
				SDKROOT = iphoneos;
				SWIFT_ACTIVE_COMPILATION_CONDITIONS = DEBUG;
				SWIFT_OPTIMIZATION_LEVEL = "-Onone";
			};
			name = Debug;
		};
		D80F707C287C7C1100231376 /* Release */ = {
			isa = XCBuildConfiguration;
			buildSettings = {
				ALWAYS_SEARCH_USER_PATHS = NO;
				CLANG_ANALYZER_NONNULL = YES;
				CLANG_ANALYZER_NUMBER_OBJECT_CONVERSION = YES_AGGRESSIVE;
				CLANG_CXX_LANGUAGE_STANDARD = "gnu++17";
				CLANG_ENABLE_MODULES = YES;
				CLANG_ENABLE_OBJC_ARC = YES;
				CLANG_ENABLE_OBJC_WEAK = YES;
				CLANG_WARN_BLOCK_CAPTURE_AUTORELEASING = YES;
				CLANG_WARN_BOOL_CONVERSION = YES;
				CLANG_WARN_COMMA = YES;
				CLANG_WARN_CONSTANT_CONVERSION = YES;
				CLANG_WARN_DEPRECATED_OBJC_IMPLEMENTATIONS = YES;
				CLANG_WARN_DIRECT_OBJC_ISA_USAGE = YES_ERROR;
				CLANG_WARN_DOCUMENTATION_COMMENTS = YES;
				CLANG_WARN_EMPTY_BODY = YES;
				CLANG_WARN_ENUM_CONVERSION = YES;
				CLANG_WARN_INFINITE_RECURSION = YES;
				CLANG_WARN_INT_CONVERSION = YES;
				CLANG_WARN_NON_LITERAL_NULL_CONVERSION = YES;
				CLANG_WARN_OBJC_IMPLICIT_RETAIN_SELF = YES;
				CLANG_WARN_OBJC_LITERAL_CONVERSION = YES;
				CLANG_WARN_OBJC_ROOT_CLASS = YES_ERROR;
				CLANG_WARN_QUOTED_INCLUDE_IN_FRAMEWORK_HEADER = YES;
				CLANG_WARN_RANGE_LOOP_ANALYSIS = YES;
				CLANG_WARN_STRICT_PROTOTYPES = YES;
				CLANG_WARN_SUSPICIOUS_MOVE = YES;
				CLANG_WARN_UNGUARDED_AVAILABILITY = YES_AGGRESSIVE;
				CLANG_WARN_UNREACHABLE_CODE = YES;
				CLANG_WARN__DUPLICATE_METHOD_MATCH = YES;
				COPY_PHASE_STRIP = NO;
				DEBUG_INFORMATION_FORMAT = "dwarf-with-dsym";
				ENABLE_NS_ASSERTIONS = NO;
				ENABLE_STRICT_OBJC_MSGSEND = YES;
				GCC_C_LANGUAGE_STANDARD = gnu11;
				GCC_NO_COMMON_BLOCKS = YES;
				GCC_WARN_64_TO_32_BIT_CONVERSION = YES;
				GCC_WARN_ABOUT_RETURN_TYPE = YES_ERROR;
				GCC_WARN_UNDECLARED_SELECTOR = YES;
				GCC_WARN_UNINITIALIZED_AUTOS = YES_AGGRESSIVE;
				GCC_WARN_UNUSED_FUNCTION = YES;
				GCC_WARN_UNUSED_VARIABLE = YES;
				IPHONEOS_DEPLOYMENT_TARGET = 15.5;
				MTL_ENABLE_DEBUG_INFO = NO;
				MTL_FAST_MATH = YES;
				SDKROOT = iphoneos;
				SWIFT_COMPILATION_MODE = wholemodule;
				SWIFT_OPTIMIZATION_LEVEL = "-O";
				VALIDATE_PRODUCT = YES;
			};
			name = Release;
		};
		D80F707E287C7C1100231376 /* Debug */ = {
			isa = XCBuildConfiguration;
			baseConfigurationReference = 0F55EAEFE2CBDC2E358FF954 /* Pods-RxSwiftTest.debug.xcconfig */;
			buildSettings = {
				ASSETCATALOG_COMPILER_APPICON_NAME = AppIcon;
				ASSETCATALOG_COMPILER_GLOBAL_ACCENT_COLOR_NAME = AccentColor;
				CODE_SIGN_STYLE = Automatic;
				CURRENT_PROJECT_VERSION = 1;
				GENERATE_INFOPLIST_FILE = YES;
				INFOPLIST_FILE = RxSwiftTest/Info.plist;
				INFOPLIST_KEY_UIApplicationSupportsIndirectInputEvents = YES;
				INFOPLIST_KEY_UILaunchStoryboardName = LaunchScreen;
				INFOPLIST_KEY_UIMainStoryboardFile = Main;
				INFOPLIST_KEY_UISupportedInterfaceOrientations_iPad = "UIInterfaceOrientationPortrait UIInterfaceOrientationPortraitUpsideDown UIInterfaceOrientationLandscapeLeft UIInterfaceOrientationLandscapeRight";
				INFOPLIST_KEY_UISupportedInterfaceOrientations_iPhone = "UIInterfaceOrientationPortrait UIInterfaceOrientationLandscapeLeft UIInterfaceOrientationLandscapeRight";
				LD_RUNPATH_SEARCH_PATHS = (
					"$(inherited)",
					"@executable_path/Frameworks",
				);
				MARKETING_VERSION = 1.0;
				PRODUCT_BUNDLE_IDENTIFIER = yongbeomkwak.RxSwiftTest;
				PRODUCT_NAME = "$(TARGET_NAME)";
				SWIFT_EMIT_LOC_STRINGS = YES;
				SWIFT_VERSION = 5.0;
				TARGETED_DEVICE_FAMILY = "1,2";
			};
			name = Debug;
		};
		D80F707F287C7C1100231376 /* Release */ = {
			isa = XCBuildConfiguration;
			baseConfigurationReference = 5799CF2790C1E547320862B7 /* Pods-RxSwiftTest.release.xcconfig */;
			buildSettings = {
				ASSETCATALOG_COMPILER_APPICON_NAME = AppIcon;
				ASSETCATALOG_COMPILER_GLOBAL_ACCENT_COLOR_NAME = AccentColor;
				CODE_SIGN_STYLE = Automatic;
				CURRENT_PROJECT_VERSION = 1;
				GENERATE_INFOPLIST_FILE = YES;
				INFOPLIST_FILE = RxSwiftTest/Info.plist;
				INFOPLIST_KEY_UIApplicationSupportsIndirectInputEvents = YES;
				INFOPLIST_KEY_UILaunchStoryboardName = LaunchScreen;
				INFOPLIST_KEY_UIMainStoryboardFile = Main;
				INFOPLIST_KEY_UISupportedInterfaceOrientations_iPad = "UIInterfaceOrientationPortrait UIInterfaceOrientationPortraitUpsideDown UIInterfaceOrientationLandscapeLeft UIInterfaceOrientationLandscapeRight";
				INFOPLIST_KEY_UISupportedInterfaceOrientations_iPhone = "UIInterfaceOrientationPortrait UIInterfaceOrientationLandscapeLeft UIInterfaceOrientationLandscapeRight";
				LD_RUNPATH_SEARCH_PATHS = (
					"$(inherited)",
					"@executable_path/Frameworks",
				);
				MARKETING_VERSION = 1.0;
				PRODUCT_BUNDLE_IDENTIFIER = yongbeomkwak.RxSwiftTest;
				PRODUCT_NAME = "$(TARGET_NAME)";
				SWIFT_EMIT_LOC_STRINGS = YES;
				SWIFT_VERSION = 5.0;
				TARGETED_DEVICE_FAMILY = "1,2";
			};
			name = Release;
		};
		D80F7081287C7C1100231376 /* Debug */ = {
			isa = XCBuildConfiguration;
			baseConfigurationReference = 0DC21B91A89C64837833177C /* Pods-RxSwiftTestTests.debug.xcconfig */;
			buildSettings = {
				ALWAYS_EMBED_SWIFT_STANDARD_LIBRARIES = YES;
				BUNDLE_LOADER = "$(TEST_HOST)";
				CODE_SIGN_STYLE = Automatic;
				CURRENT_PROJECT_VERSION = 1;
				GENERATE_INFOPLIST_FILE = YES;
				IPHONEOS_DEPLOYMENT_TARGET = 15.5;
				MARKETING_VERSION = 1.0;
				PRODUCT_BUNDLE_IDENTIFIER = yongbeomkwak.RxSwiftTestTests;
				PRODUCT_NAME = "$(TARGET_NAME)";
				SWIFT_EMIT_LOC_STRINGS = NO;
				SWIFT_VERSION = 5.0;
				TARGETED_DEVICE_FAMILY = "1,2";
				TEST_HOST = "$(BUILT_PRODUCTS_DIR)/RxSwiftTest.app/RxSwiftTest";
			};
			name = Debug;
		};
		D80F7082287C7C1100231376 /* Release */ = {
			isa = XCBuildConfiguration;
			baseConfigurationReference = 60A26D102BCA3A9048024544 /* Pods-RxSwiftTestTests.release.xcconfig */;
			buildSettings = {
				ALWAYS_EMBED_SWIFT_STANDARD_LIBRARIES = YES;
				BUNDLE_LOADER = "$(TEST_HOST)";
				CODE_SIGN_STYLE = Automatic;
				CURRENT_PROJECT_VERSION = 1;
				GENERATE_INFOPLIST_FILE = YES;
				IPHONEOS_DEPLOYMENT_TARGET = 15.5;
				MARKETING_VERSION = 1.0;
				PRODUCT_BUNDLE_IDENTIFIER = yongbeomkwak.RxSwiftTestTests;
				PRODUCT_NAME = "$(TARGET_NAME)";
				SWIFT_EMIT_LOC_STRINGS = NO;
				SWIFT_VERSION = 5.0;
				TARGETED_DEVICE_FAMILY = "1,2";
				TEST_HOST = "$(BUILT_PRODUCTS_DIR)/RxSwiftTest.app/RxSwiftTest";
			};
			name = Release;
		};
		D80F7084287C7C1100231376 /* Debug */ = {
			isa = XCBuildConfiguration;
			baseConfigurationReference = 403A378A9543E5FE19BA1960 /* Pods-RxSwiftTest-RxSwiftTestUITests.debug.xcconfig */;
			buildSettings = {
				ALWAYS_EMBED_SWIFT_STANDARD_LIBRARIES = YES;
				CODE_SIGN_STYLE = Automatic;
				CURRENT_PROJECT_VERSION = 1;
				GENERATE_INFOPLIST_FILE = YES;
				MARKETING_VERSION = 1.0;
				PRODUCT_BUNDLE_IDENTIFIER = yongbeomkwak.RxSwiftTestUITests;
				PRODUCT_NAME = "$(TARGET_NAME)";
				SWIFT_EMIT_LOC_STRINGS = NO;
				SWIFT_VERSION = 5.0;
				TARGETED_DEVICE_FAMILY = "1,2";
				TEST_TARGET_NAME = RxSwiftTest;
			};
			name = Debug;
		};
		D80F7085287C7C1100231376 /* Release */ = {
			isa = XCBuildConfiguration;
			baseConfigurationReference = 8B1FA9A3255F28042D33C739 /* Pods-RxSwiftTest-RxSwiftTestUITests.release.xcconfig */;
			buildSettings = {
				ALWAYS_EMBED_SWIFT_STANDARD_LIBRARIES = YES;
				CODE_SIGN_STYLE = Automatic;
				CURRENT_PROJECT_VERSION = 1;
				GENERATE_INFOPLIST_FILE = YES;
				MARKETING_VERSION = 1.0;
				PRODUCT_BUNDLE_IDENTIFIER = yongbeomkwak.RxSwiftTestUITests;
				PRODUCT_NAME = "$(TARGET_NAME)";
				SWIFT_EMIT_LOC_STRINGS = NO;
				SWIFT_VERSION = 5.0;
				TARGETED_DEVICE_FAMILY = "1,2";
				TEST_TARGET_NAME = RxSwiftTest;
			};
			name = Release;
		};
/* End XCBuildConfiguration section */

/* Begin XCConfigurationList section */
		D80F704E287C7C1000231376 /* Build configuration list for PBXProject "RxSwiftTest" */ = {
			isa = XCConfigurationList;
			buildConfigurations = (
				D80F707B287C7C1100231376 /* Debug */,
				D80F707C287C7C1100231376 /* Release */,
			);
			defaultConfigurationIsVisible = 0;
			defaultConfigurationName = Release;
		};
		D80F707D287C7C1100231376 /* Build configuration list for PBXNativeTarget "RxSwiftTest" */ = {
			isa = XCConfigurationList;
			buildConfigurations = (
				D80F707E287C7C1100231376 /* Debug */,
				D80F707F287C7C1100231376 /* Release */,
			);
			defaultConfigurationIsVisible = 0;
			defaultConfigurationName = Release;
		};
		D80F7080287C7C1100231376 /* Build configuration list for PBXNativeTarget "RxSwiftTestTests" */ = {
			isa = XCConfigurationList;
			buildConfigurations = (
				D80F7081287C7C1100231376 /* Debug */,
				D80F7082287C7C1100231376 /* Release */,
			);
			defaultConfigurationIsVisible = 0;
			defaultConfigurationName = Release;
		};
		D80F7083287C7C1100231376 /* Build configuration list for PBXNativeTarget "RxSwiftTestUITests" */ = {
			isa = XCConfigurationList;
			buildConfigurations = (
				D80F7084287C7C1100231376 /* Debug */,
				D80F7085287C7C1100231376 /* Release */,
			);
			defaultConfigurationIsVisible = 0;
			defaultConfigurationName = Release;
		};
/* End XCConfigurationList section */
	};
	rootObject = D80F704B287C7C1000231376 /* Project object */;
}
