// !$*UTF8*$!
{
	archiveVersion = 1;
	classes = {
	};
	objectVersion = 55;
	objects = {

/* Begin PBXBuildFile section */
		D80F6F8D287B0EE500231376 /* AppDelegate.swift in Sources */ = {isa = PBXBuildFile; fileRef = D80F6F8C287B0EE500231376 /* AppDelegate.swift */; };
		D80F6F8F287B0EE500231376 /* SceneDelegate.swift in Sources */ = {isa = PBXBuildFile; fileRef = D80F6F8E287B0EE500231376 /* SceneDelegate.swift */; };
		D80F6F91287B0EE500231376 /* ViewController.swift in Sources */ = {isa = PBXBuildFile; fileRef = D80F6F90287B0EE500231376 /* ViewController.swift */; };
		D80F6F94287B0EE500231376 /* Main.storyboard in Resources */ = {isa = PBXBuildFile; fileRef = D80F6F92287B0EE500231376 /* Main.storyboard */; };
		D80F6F96287B0EE600231376 /* Assets.xcassets in Resources */ = {isa = PBXBuildFile; fileRef = D80F6F95287B0EE600231376 /* Assets.xcassets */; };
		D80F6F99287B0EE600231376 /* LaunchScreen.storyboard in Resources */ = {isa = PBXBuildFile; fileRef = D80F6F97287B0EE600231376 /* LaunchScreen.storyboard */; };
		D80F6FA4287B0EE600231376 /* TabBarInterfaceTests.swift in Sources */ = {isa = PBXBuildFile; fileRef = D80F6FA3287B0EE600231376 /* TabBarInterfaceTests.swift */; };
		D80F6FAE287B0EE600231376 /* TabBarInterfaceUITests.swift in Sources */ = {isa = PBXBuildFile; fileRef = D80F6FAD287B0EE600231376 /* TabBarInterfaceUITests.swift */; };
		D80F6FB0287B0EE600231376 /* TabBarInterfaceUITestsLaunchTests.swift in Sources */ = {isa = PBXBuildFile; fileRef = D80F6FAF287B0EE600231376 /* TabBarInterfaceUITestsLaunchTests.swift */; };
/* End PBXBuildFile section */

/* Begin PBXContainerItemProxy section */
		D80F6FA0287B0EE600231376 /* PBXContainerItemProxy */ = {
			isa = PBXContainerItemProxy;
			containerPortal = D80F6F81287B0EE500231376 /* Project object */;
			proxyType = 1;
			remoteGlobalIDString = D80F6F88287B0EE500231376;
			remoteInfo = TabBarInterface;
		};
		D80F6FAA287B0EE600231376 /* PBXContainerItemProxy */ = {
			isa = PBXContainerItemProxy;
			containerPortal = D80F6F81287B0EE500231376 /* Project object */;
			proxyType = 1;
			remoteGlobalIDString = D80F6F88287B0EE500231376;
			remoteInfo = TabBarInterface;
		};
/* End PBXContainerItemProxy section */

/* Begin PBXFileReference section */
		D80F6F89287B0EE500231376 /* TabBarInterface.app */ = {isa = PBXFileReference; explicitFileType = wrapper.application; includeInIndex = 0; path = TabBarInterface.app; sourceTree = BUILT_PRODUCTS_DIR; };
		D80F6F8C287B0EE500231376 /* AppDelegate.swift */ = {isa = PBXFileReference; lastKnownFileType = sourcecode.swift; path = AppDelegate.swift; sourceTree = "<group>"; };
		D80F6F8E287B0EE500231376 /* SceneDelegate.swift */ = {isa = PBXFileReference; lastKnownFileType = sourcecode.swift; path = SceneDelegate.swift; sourceTree = "<group>"; };
		D80F6F90287B0EE500231376 /* ViewController.swift */ = {isa = PBXFileReference; lastKnownFileType = sourcecode.swift; path = ViewController.swift; sourceTree = "<group>"; };
		D80F6F93287B0EE500231376 /* Base */ = {isa = PBXFileReference; lastKnownFileType = file.storyboard; name = Base; path = Base.lproj/Main.storyboard; sourceTree = "<group>"; };
		D80F6F95287B0EE600231376 /* Assets.xcassets */ = {isa = PBXFileReference; lastKnownFileType = folder.assetcatalog; path = Assets.xcassets; sourceTree = "<group>"; };
		D80F6F98287B0EE600231376 /* Base */ = {isa = PBXFileReference; lastKnownFileType = file.storyboard; name = Base; path = Base.lproj/LaunchScreen.storyboard; sourceTree = "<group>"; };
		D80F6F9A287B0EE600231376 /* Info.plist */ = {isa = PBXFileReference; lastKnownFileType = text.plist.xml; path = Info.plist; sourceTree = "<group>"; };
		D80F6F9F287B0EE600231376 /* TabBarInterfaceTests.xctest */ = {isa = PBXFileReference; explicitFileType = wrapper.cfbundle; includeInIndex = 0; path = TabBarInterfaceTests.xctest; sourceTree = BUILT_PRODUCTS_DIR; };
		D80F6FA3287B0EE600231376 /* TabBarInterfaceTests.swift */ = {isa = PBXFileReference; lastKnownFileType = sourcecode.swift; path = TabBarInterfaceTests.swift; sourceTree = "<group>"; };
		D80F6FA9287B0EE600231376 /* TabBarInterfaceUITests.xctest */ = {isa = PBXFileReference; explicitFileType = wrapper.cfbundle; includeInIndex = 0; path = TabBarInterfaceUITests.xctest; sourceTree = BUILT_PRODUCTS_DIR; };
		D80F6FAD287B0EE600231376 /* TabBarInterfaceUITests.swift */ = {isa = PBXFileReference; lastKnownFileType = sourcecode.swift; path = TabBarInterfaceUITests.swift; sourceTree = "<group>"; };
		D80F6FAF287B0EE600231376 /* TabBarInterfaceUITestsLaunchTests.swift */ = {isa = PBXFileReference; lastKnownFileType = sourcecode.swift; path = TabBarInterfaceUITestsLaunchTests.swift; sourceTree = "<group>"; };
/* End PBXFileReference section */

/* Begin PBXFrameworksBuildPhase section */
		D80F6F86287B0EE500231376 /* Frameworks */ = {
			isa = PBXFrameworksBuildPhase;
			buildActionMask = 2147483647;
			files = (
			);
			runOnlyForDeploymentPostprocessing = 0;
		};
		D80F6F9C287B0EE600231376 /* Frameworks */ = {
			isa = PBXFrameworksBuildPhase;
			buildActionMask = 2147483647;
			files = (
			);
			runOnlyForDeploymentPostprocessing = 0;
		};
		D80F6FA6287B0EE600231376 /* Frameworks */ = {
			isa = PBXFrameworksBuildPhase;
			buildActionMask = 2147483647;
			files = (
			);
			runOnlyForDeploymentPostprocessing = 0;
		};
/* End PBXFrameworksBuildPhase section */

/* Begin PBXGroup section */
		D80F6F80287B0EE500231376 = {
			isa = PBXGroup;
			children = (
				D80F6F8B287B0EE500231376 /* TabBarInterface */,
				D80F6FA2287B0EE600231376 /* TabBarInterfaceTests */,
				D80F6FAC287B0EE600231376 /* TabBarInterfaceUITests */,
				D80F6F8A287B0EE500231376 /* Products */,
			);
			sourceTree = "<group>";
		};
		D80F6F8A287B0EE500231376 /* Products */ = {
			isa = PBXGroup;
			children = (
				D80F6F89287B0EE500231376 /* TabBarInterface.app */,
				D80F6F9F287B0EE600231376 /* TabBarInterfaceTests.xctest */,
				D80F6FA9287B0EE600231376 /* TabBarInterfaceUITests.xctest */,
			);
			name = Products;
			sourceTree = "<group>";
		};
		D80F6F8B287B0EE500231376 /* TabBarInterface */ = {
			isa = PBXGroup;
			children = (
				D80F6F8C287B0EE500231376 /* AppDelegate.swift */,
				D80F6F8E287B0EE500231376 /* SceneDelegate.swift */,
				D80F6F90287B0EE500231376 /* ViewController.swift */,
				D80F6F92287B0EE500231376 /* Main.storyboard */,
				D80F6F95287B0EE600231376 /* Assets.xcassets */,
				D80F6F97287B0EE600231376 /* LaunchScreen.storyboard */,
				D80F6F9A287B0EE600231376 /* Info.plist */,
			);
			path = TabBarInterface;
			sourceTree = "<group>";
		};
		D80F6FA2287B0EE600231376 /* TabBarInterfaceTests */ = {
			isa = PBXGroup;
			children = (
				D80F6FA3287B0EE600231376 /* TabBarInterfaceTests.swift */,
			);
			path = TabBarInterfaceTests;
			sourceTree = "<group>";
		};
		D80F6FAC287B0EE600231376 /* TabBarInterfaceUITests */ = {
			isa = PBXGroup;
			children = (
				D80F6FAD287B0EE600231376 /* TabBarInterfaceUITests.swift */,
				D80F6FAF287B0EE600231376 /* TabBarInterfaceUITestsLaunchTests.swift */,
			);
			path = TabBarInterfaceUITests;
			sourceTree = "<group>";
		};
/* End PBXGroup section */

/* Begin PBXNativeTarget section */
		D80F6F88287B0EE500231376 /* TabBarInterface */ = {
			isa = PBXNativeTarget;
			buildConfigurationList = D80F6FB3287B0EE600231376 /* Build configuration list for PBXNativeTarget "TabBarInterface" */;
			buildPhases = (
				D80F6F85287B0EE500231376 /* Sources */,
				D80F6F86287B0EE500231376 /* Frameworks */,
				D80F6F87287B0EE500231376 /* Resources */,
			);
			buildRules = (
			);
			dependencies = (
			);
			name = TabBarInterface;
			productName = TabBarInterface;
			productReference = D80F6F89287B0EE500231376 /* TabBarInterface.app */;
			productType = "com.apple.product-type.application";
		};
		D80F6F9E287B0EE600231376 /* TabBarInterfaceTests */ = {
			isa = PBXNativeTarget;
			buildConfigurationList = D80F6FB6287B0EE600231376 /* Build configuration list for PBXNativeTarget "TabBarInterfaceTests" */;
			buildPhases = (
				D80F6F9B287B0EE600231376 /* Sources */,
				D80F6F9C287B0EE600231376 /* Frameworks */,
				D80F6F9D287B0EE600231376 /* Resources */,
			);
			buildRules = (
			);
			dependencies = (
				D80F6FA1287B0EE600231376 /* PBXTargetDependency */,
			);
			name = TabBarInterfaceTests;
			productName = TabBarInterfaceTests;
			productReference = D80F6F9F287B0EE600231376 /* TabBarInterfaceTests.xctest */;
			productType = "com.apple.product-type.bundle.unit-test";
		};
		D80F6FA8287B0EE600231376 /* TabBarInterfaceUITests */ = {
			isa = PBXNativeTarget;
			buildConfigurationList = D80F6FB9287B0EE600231376 /* Build configuration list for PBXNativeTarget "TabBarInterfaceUITests" */;
			buildPhases = (
				D80F6FA5287B0EE600231376 /* Sources */,
				D80F6FA6287B0EE600231376 /* Frameworks */,
				D80F6FA7287B0EE600231376 /* Resources */,
			);
			buildRules = (
			);
			dependencies = (
				D80F6FAB287B0EE600231376 /* PBXTargetDependency */,
			);
			name = TabBarInterfaceUITests;
			productName = TabBarInterfaceUITests;
			productReference = D80F6FA9287B0EE600231376 /* TabBarInterfaceUITests.xctest */;
			productType = "com.apple.product-type.bundle.ui-testing";
		};
/* End PBXNativeTarget section */

/* Begin PBXProject section */
		D80F6F81287B0EE500231376 /* Project object */ = {
			isa = PBXProject;
			attributes = {
				BuildIndependentTargetsInParallel = 1;
				LastSwiftUpdateCheck = 1340;
				LastUpgradeCheck = 1340;
				TargetAttributes = {
					D80F6F88287B0EE500231376 = {
						CreatedOnToolsVersion = 13.4.1;
					};
					D80F6F9E287B0EE600231376 = {
						CreatedOnToolsVersion = 13.4.1;
						TestTargetID = D80F6F88287B0EE500231376;
					};
					D80F6FA8287B0EE600231376 = {
						CreatedOnToolsVersion = 13.4.1;
						TestTargetID = D80F6F88287B0EE500231376;
					};
				};
			};
			buildConfigurationList = D80F6F84287B0EE500231376 /* Build configuration list for PBXProject "TabBarInterface" */;
			compatibilityVersion = "Xcode 13.0";
			developmentRegion = en;
			hasScannedForEncodings = 0;
			knownRegions = (
				en,
				Base,
			);
			mainGroup = D80F6F80287B0EE500231376;
			productRefGroup = D80F6F8A287B0EE500231376 /* Products */;
			projectDirPath = "";
			projectRoot = "";
			targets = (
				D80F6F88287B0EE500231376 /* TabBarInterface */,
				D80F6F9E287B0EE600231376 /* TabBarInterfaceTests */,
				D80F6FA8287B0EE600231376 /* TabBarInterfaceUITests */,
			);
		};
/* End PBXProject section */

/* Begin PBXResourcesBuildPhase section */
		D80F6F87287B0EE500231376 /* Resources */ = {
			isa = PBXResourcesBuildPhase;
			buildActionMask = 2147483647;
			files = (
				D80F6F99287B0EE600231376 /* LaunchScreen.storyboard in Resources */,
				D80F6F96287B0EE600231376 /* Assets.xcassets in Resources */,
				D80F6F94287B0EE500231376 /* Main.storyboard in Resources */,
			);
			runOnlyForDeploymentPostprocessing = 0;
		};
		D80F6F9D287B0EE600231376 /* Resources */ = {
			isa = PBXResourcesBuildPhase;
			buildActionMask = 2147483647;
			files = (
			);
			runOnlyForDeploymentPostprocessing = 0;
		};
		D80F6FA7287B0EE600231376 /* Resources */ = {
			isa = PBXResourcesBuildPhase;
			buildActionMask = 2147483647;
			files = (
			);
			runOnlyForDeploymentPostprocessing = 0;
		};
/* End PBXResourcesBuildPhase section */

/* Begin PBXSourcesBuildPhase section */
		D80F6F85287B0EE500231376 /* Sources */ = {
			isa = PBXSourcesBuildPhase;
			buildActionMask = 2147483647;
			files = (
				D80F6F91287B0EE500231376 /* ViewController.swift in Sources */,
				D80F6F8D287B0EE500231376 /* AppDelegate.swift in Sources */,
				D80F6F8F287B0EE500231376 /* SceneDelegate.swift in Sources */,
			);
			runOnlyForDeploymentPostprocessing = 0;
		};
		D80F6F9B287B0EE600231376 /* Sources */ = {
			isa = PBXSourcesBuildPhase;
			buildActionMask = 2147483647;
			files = (
				D80F6FA4287B0EE600231376 /* TabBarInterfaceTests.swift in Sources */,
			);
			runOnlyForDeploymentPostprocessing = 0;
		};
		D80F6FA5287B0EE600231376 /* Sources */ = {
			isa = PBXSourcesBuildPhase;
			buildActionMask = 2147483647;
			files = (
				D80F6FB0287B0EE600231376 /* TabBarInterfaceUITestsLaunchTests.swift in Sources */,
				D80F6FAE287B0EE600231376 /* TabBarInterfaceUITests.swift in Sources */,
			);
			runOnlyForDeploymentPostprocessing = 0;
		};
/* End PBXSourcesBuildPhase section */

/* Begin PBXTargetDependency section */
		D80F6FA1287B0EE600231376 /* PBXTargetDependency */ = {
			isa = PBXTargetDependency;
			target = D80F6F88287B0EE500231376 /* TabBarInterface */;
			targetProxy = D80F6FA0287B0EE600231376 /* PBXContainerItemProxy */;
		};
		D80F6FAB287B0EE600231376 /* PBXTargetDependency */ = {
			isa = PBXTargetDependency;
			target = D80F6F88287B0EE500231376 /* TabBarInterface */;
			targetProxy = D80F6FAA287B0EE600231376 /* PBXContainerItemProxy */;
		};
/* End PBXTargetDependency section */

/* Begin PBXVariantGroup section */
		D80F6F92287B0EE500231376 /* Main.storyboard */ = {
			isa = PBXVariantGroup;
			children = (
				D80F6F93287B0EE500231376 /* Base */,
			);
			name = Main.storyboard;
			sourceTree = "<group>";
		};
		D80F6F97287B0EE600231376 /* LaunchScreen.storyboard */ = {
			isa = PBXVariantGroup;
			children = (
				D80F6F98287B0EE600231376 /* Base */,
			);
			name = LaunchScreen.storyboard;
			sourceTree = "<group>";
		};
/* End PBXVariantGroup section */

/* Begin XCBuildConfiguration section */
		D80F6FB1287B0EE600231376 /* Debug */ = {
			isa = XCBuildConfiguration;
			buildSettings = {
				ALWAYS_SEARCH_USER_PATHS = NO;
				CLANG_ANALYZER_NONNULL = YES;
				CLANG_ANALYZER_NUMBER_OBJECT_CONVERSION = YES_AGGRESSIVE;
				CLANG_CXX_LANGUAGE_STANDARD = "gnu++17";
				CLANG_ENABLE_MODULES = YES;
				CLANG_ENABLE_OBJC_ARC = YES;
				CLANG_ENABLE_OBJC_WEAK = YES;
				CLANG_WARN_BLOCK_CAPTURE_AUTORELEASING = YES;
				CLANG_WARN_BOOL_CONVERSION = YES;
				CLANG_WARN_COMMA = YES;
				CLANG_WARN_CONSTANT_CONVERSION = YES;
				CLANG_WARN_DEPRECATED_OBJC_IMPLEMENTATIONS = YES;
				CLANG_WARN_DIRECT_OBJC_ISA_USAGE = YES_ERROR;
				CLANG_WARN_DOCUMENTATION_COMMENTS = YES;
				CLANG_WARN_EMPTY_BODY = YES;
				CLANG_WARN_ENUM_CONVERSION = YES;
				CLANG_WARN_INFINITE_RECURSION = YES;
				CLANG_WARN_INT_CONVERSION = YES;
				CLANG_WARN_NON_LITERAL_NULL_CONVERSION = YES;
				CLANG_WARN_OBJC_IMPLICIT_RETAIN_SELF = YES;
				CLANG_WARN_OBJC_LITERAL_CONVERSION = YES;
				CLANG_WARN_OBJC_ROOT_CLASS = YES_ERROR;
				CLANG_WARN_QUOTED_INCLUDE_IN_FRAMEWORK_HEADER = YES;
				CLANG_WARN_RANGE_LOOP_ANALYSIS = YES;
				CLANG_WARN_STRICT_PROTOTYPES = YES;
				CLANG_WARN_SUSPICIOUS_MOVE = YES;
				CLANG_WARN_UNGUARDED_AVAILABILITY = YES_AGGRESSIVE;
				CLANG_WARN_UNREACHABLE_CODE = YES;
				CLANG_WARN__DUPLICATE_METHOD_MATCH = YES;
				COPY_PHASE_STRIP = NO;
				DEBUG_INFORMATION_FORMAT = dwarf;
				ENABLE_STRICT_OBJC_MSGSEND = YES;
				ENABLE_TESTABILITY = YES;
				GCC_C_LANGUAGE_STANDARD = gnu11;
				GCC_DYNAMIC_NO_PIC = NO;
				GCC_NO_COMMON_BLOCKS = YES;
				GCC_OPTIMIZATION_LEVEL = 0;
				GCC_PREPROCESSOR_DEFINITIONS = (
					"DEBUG=1",
					"$(inherited)",
				);
				GCC_WARN_64_TO_32_BIT_CONVERSION = YES;
				GCC_WARN_ABOUT_RETURN_TYPE = YES_ERROR;
				GCC_WARN_UNDECLARED_SELECTOR = YES;
				GCC_WARN_UNINITIALIZED_AUTOS = YES_AGGRESSIVE;
				GCC_WARN_UNUSED_FUNCTION = YES;
				GCC_WARN_UNUSED_VARIABLE = YES;
				IPHONEOS_DEPLOYMENT_TARGET = 15.5;
				MTL_ENABLE_DEBUG_INFO = INCLUDE_SOURCE;
				MTL_FAST_MATH = YES;
				ONLY_ACTIVE_ARCH = YES;
				SDKROOT = iphoneos;
				SWIFT_ACTIVE_COMPILATION_CONDITIONS = DEBUG;
				SWIFT_OPTIMIZATION_LEVEL = "-Onone";
			};
			name = Debug;
		};
		D80F6FB2287B0EE600231376 /* Release */ = {
			isa = XCBuildConfiguration;
			buildSettings = {
				ALWAYS_SEARCH_USER_PATHS = NO;
				CLANG_ANALYZER_NONNULL = YES;
				CLANG_ANALYZER_NUMBER_OBJECT_CONVERSION = YES_AGGRESSIVE;
				CLANG_CXX_LANGUAGE_STANDARD = "gnu++17";
				CLANG_ENABLE_MODULES = YES;
				CLANG_ENABLE_OBJC_ARC = YES;
				CLANG_ENABLE_OBJC_WEAK = YES;
				CLANG_WARN_BLOCK_CAPTURE_AUTORELEASING = YES;
				CLANG_WARN_BOOL_CONVERSION = YES;
				CLANG_WARN_COMMA = YES;
				CLANG_WARN_CONSTANT_CONVERSION = YES;
				CLANG_WARN_DEPRECATED_OBJC_IMPLEMENTATIONS = YES;
				CLANG_WARN_DIRECT_OBJC_ISA_USAGE = YES_ERROR;
				CLANG_WARN_DOCUMENTATION_COMMENTS = YES;
				CLANG_WARN_EMPTY_BODY = YES;
				CLANG_WARN_ENUM_CONVERSION = YES;
				CLANG_WARN_INFINITE_RECURSION = YES;
				CLANG_WARN_INT_CONVERSION = YES;
				CLANG_WARN_NON_LITERAL_NULL_CONVERSION = YES;
				CLANG_WARN_OBJC_IMPLICIT_RETAIN_SELF = YES;
				CLANG_WARN_OBJC_LITERAL_CONVERSION = YES;
				CLANG_WARN_OBJC_ROOT_CLASS = YES_ERROR;
				CLANG_WARN_QUOTED_INCLUDE_IN_FRAMEWORK_HEADER = YES;
				CLANG_WARN_RANGE_LOOP_ANALYSIS = YES;
				CLANG_WARN_STRICT_PROTOTYPES = YES;
				CLANG_WARN_SUSPICIOUS_MOVE = YES;
				CLANG_WARN_UNGUARDED_AVAILABILITY = YES_AGGRESSIVE;
				CLANG_WARN_UNREACHABLE_CODE = YES;
				CLANG_WARN__DUPLICATE_METHOD_MATCH = YES;
				COPY_PHASE_STRIP = NO;
				DEBUG_INFORMATION_FORMAT = "dwarf-with-dsym";
				ENABLE_NS_ASSERTIONS = NO;
				ENABLE_STRICT_OBJC_MSGSEND = YES;
				GCC_C_LANGUAGE_STANDARD = gnu11;
				GCC_NO_COMMON_BLOCKS = YES;
				GCC_WARN_64_TO_32_BIT_CONVERSION = YES;
				GCC_WARN_ABOUT_RETURN_TYPE = YES_ERROR;
				GCC_WARN_UNDECLARED_SELECTOR = YES;
				GCC_WARN_UNINITIALIZED_AUTOS = YES_AGGRESSIVE;
				GCC_WARN_UNUSED_FUNCTION = YES;
				GCC_WARN_UNUSED_VARIABLE = YES;
				IPHONEOS_DEPLOYMENT_TARGET = 15.5;
				MTL_ENABLE_DEBUG_INFO = NO;
				MTL_FAST_MATH = YES;
				SDKROOT = iphoneos;
				SWIFT_COMPILATION_MODE = wholemodule;
				SWIFT_OPTIMIZATION_LEVEL = "-O";
				VALIDATE_PRODUCT = YES;
			};
			name = Release;
		};
		D80F6FB4287B0EE600231376 /* Debug */ = {
			isa = XCBuildConfiguration;
			buildSettings = {
				ASSETCATALOG_COMPILER_APPICON_NAME = AppIcon;
				ASSETCATALOG_COMPILER_GLOBAL_ACCENT_COLOR_NAME = AccentColor;
				CODE_SIGN_STYLE = Automatic;
				CURRENT_PROJECT_VERSION = 1;
				GENERATE_INFOPLIST_FILE = YES;
				INFOPLIST_FILE = TabBarInterface/Info.plist;
				INFOPLIST_KEY_UIApplicationSupportsIndirectInputEvents = YES;
				INFOPLIST_KEY_UILaunchStoryboardName = LaunchScreen;
				INFOPLIST_KEY_UIMainStoryboardFile = Main;
				INFOPLIST_KEY_UISupportedInterfaceOrientations_iPad = "UIInterfaceOrientationPortrait UIInterfaceOrientationPortraitUpsideDown UIInterfaceOrientationLandscapeLeft UIInterfaceOrientationLandscapeRight";
				INFOPLIST_KEY_UISupportedInterfaceOrientations_iPhone = "UIInterfaceOrientationPortrait UIInterfaceOrientationLandscapeLeft UIInterfaceOrientationLandscapeRight";
				LD_RUNPATH_SEARCH_PATHS = (
					"$(inherited)",
					"@executable_path/Frameworks",
				);
				MARKETING_VERSION = 1.0;
				PRODUCT_BUNDLE_IDENTIFIER = yongbeomkwak.TabBarInterface;
				PRODUCT_NAME = "$(TARGET_NAME)";
				SWIFT_EMIT_LOC_STRINGS = YES;
				SWIFT_VERSION = 5.0;
				TARGETED_DEVICE_FAMILY = "1,2";
			};
			name = Debug;
		};
		D80F6FB5287B0EE600231376 /* Release */ = {
			isa = XCBuildConfiguration;
			buildSettings = {
				ASSETCATALOG_COMPILER_APPICON_NAME = AppIcon;
				ASSETCATALOG_COMPILER_GLOBAL_ACCENT_COLOR_NAME = AccentColor;
				CODE_SIGN_STYLE = Automatic;
				CURRENT_PROJECT_VERSION = 1;
				GENERATE_INFOPLIST_FILE = YES;
				INFOPLIST_FILE = TabBarInterface/Info.plist;
				INFOPLIST_KEY_UIApplicationSupportsIndirectInputEvents = YES;
				INFOPLIST_KEY_UILaunchStoryboardName = LaunchScreen;
				INFOPLIST_KEY_UIMainStoryboardFile = Main;
				INFOPLIST_KEY_UISupportedInterfaceOrientations_iPad = "UIInterfaceOrientationPortrait UIInterfaceOrientationPortraitUpsideDown UIInterfaceOrientationLandscapeLeft UIInterfaceOrientationLandscapeRight";
				INFOPLIST_KEY_UISupportedInterfaceOrientations_iPhone = "UIInterfaceOrientationPortrait UIInterfaceOrientationLandscapeLeft UIInterfaceOrientationLandscapeRight";
				LD_RUNPATH_SEARCH_PATHS = (
					"$(inherited)",
					"@executable_path/Frameworks",
				);
				MARKETING_VERSION = 1.0;
				PRODUCT_BUNDLE_IDENTIFIER = yongbeomkwak.TabBarInterface;
				PRODUCT_NAME = "$(TARGET_NAME)";
				SWIFT_EMIT_LOC_STRINGS = YES;
				SWIFT_VERSION = 5.0;
				TARGETED_DEVICE_FAMILY = "1,2";
			};
			name = Release;
		};
		D80F6FB7287B0EE600231376 /* Debug */ = {
			isa = XCBuildConfiguration;
			buildSettings = {
				ALWAYS_EMBED_SWIFT_STANDARD_LIBRARIES = YES;
				BUNDLE_LOADER = "$(TEST_HOST)";
				CODE_SIGN_STYLE = Automatic;
				CURRENT_PROJECT_VERSION = 1;
				GENERATE_INFOPLIST_FILE = YES;
				IPHONEOS_DEPLOYMENT_TARGET = 15.5;
				MARKETING_VERSION = 1.0;
				PRODUCT_BUNDLE_IDENTIFIER = yongbeomkwak.TabBarInterfaceTests;
				PRODUCT_NAME = "$(TARGET_NAME)";
				SWIFT_EMIT_LOC_STRINGS = NO;
				SWIFT_VERSION = 5.0;
				TARGETED_DEVICE_FAMILY = "1,2";
				TEST_HOST = "$(BUILT_PRODUCTS_DIR)/TabBarInterface.app/TabBarInterface";
			};
			name = Debug;
		};
		D80F6FB8287B0EE600231376 /* Release */ = {
			isa = XCBuildConfiguration;
			buildSettings = {
				ALWAYS_EMBED_SWIFT_STANDARD_LIBRARIES = YES;
				BUNDLE_LOADER = "$(TEST_HOST)";
				CODE_SIGN_STYLE = Automatic;
				CURRENT_PROJECT_VERSION = 1;
				GENERATE_INFOPLIST_FILE = YES;
				IPHONEOS_DEPLOYMENT_TARGET = 15.5;
				MARKETING_VERSION = 1.0;
				PRODUCT_BUNDLE_IDENTIFIER = yongbeomkwak.TabBarInterfaceTests;
				PRODUCT_NAME = "$(TARGET_NAME)";
				SWIFT_EMIT_LOC_STRINGS = NO;
				SWIFT_VERSION = 5.0;
				TARGETED_DEVICE_FAMILY = "1,2";
				TEST_HOST = "$(BUILT_PRODUCTS_DIR)/TabBarInterface.app/TabBarInterface";
			};
			name = Release;
		};
		D80F6FBA287B0EE600231376 /* Debug */ = {
			isa = XCBuildConfiguration;
			buildSettings = {
				ALWAYS_EMBED_SWIFT_STANDARD_LIBRARIES = YES;
				CODE_SIGN_STYLE = Automatic;
				CURRENT_PROJECT_VERSION = 1;
				GENERATE_INFOPLIST_FILE = YES;
				MARKETING_VERSION = 1.0;
				PRODUCT_BUNDLE_IDENTIFIER = yongbeomkwak.TabBarInterfaceUITests;
				PRODUCT_NAME = "$(TARGET_NAME)";
				SWIFT_EMIT_LOC_STRINGS = NO;
				SWIFT_VERSION = 5.0;
				TARGETED_DEVICE_FAMILY = "1,2";
				TEST_TARGET_NAME = TabBarInterface;
			};
			name = Debug;
		};
		D80F6FBB287B0EE600231376 /* Release */ = {
			isa = XCBuildConfiguration;
			buildSettings = {
				ALWAYS_EMBED_SWIFT_STANDARD_LIBRARIES = YES;
				CODE_SIGN_STYLE = Automatic;
				CURRENT_PROJECT_VERSION = 1;
				GENERATE_INFOPLIST_FILE = YES;
				MARKETING_VERSION = 1.0;
				PRODUCT_BUNDLE_IDENTIFIER = yongbeomkwak.TabBarInterfaceUITests;
				PRODUCT_NAME = "$(TARGET_NAME)";
				SWIFT_EMIT_LOC_STRINGS = NO;
				SWIFT_VERSION = 5.0;
				TARGETED_DEVICE_FAMILY = "1,2";
				TEST_TARGET_NAME = TabBarInterface;
			};
			name = Release;
		};
/* End XCBuildConfiguration section */

/* Begin XCConfigurationList section */
		D80F6F84287B0EE500231376 /* Build configuration list for PBXProject "TabBarInterface" */ = {
			isa = XCConfigurationList;
			buildConfigurations = (
				D80F6FB1287B0EE600231376 /* Debug */,
				D80F6FB2287B0EE600231376 /* Release */,
			);
			defaultConfigurationIsVisible = 0;
			defaultConfigurationName = Release;
		};
		D80F6FB3287B0EE600231376 /* Build configuration list for PBXNativeTarget "TabBarInterface" */ = {
			isa = XCConfigurationList;
			buildConfigurations = (
				D80F6FB4287B0EE600231376 /* Debug */,
				D80F6FB5287B0EE600231376 /* Release */,
			);
			defaultConfigurationIsVisible = 0;
			defaultConfigurationName = Release;
		};
		D80F6FB6287B0EE600231376 /* Build configuration list for PBXNativeTarget "TabBarInterfaceTests" */ = {
			isa = XCConfigurationList;
			buildConfigurations = (
				D80F6FB7287B0EE600231376 /* Debug */,
				D80F6FB8287B0EE600231376 /* Release */,
			);
			defaultConfigurationIsVisible = 0;
			defaultConfigurationName = Release;
		};
		D80F6FB9287B0EE600231376 /* Build configuration list for PBXNativeTarget "TabBarInterfaceUITests" */ = {
			isa = XCConfigurationList;
			buildConfigurations = (
				D80F6FBA287B0EE600231376 /* Debug */,
				D80F6FBB287B0EE600231376 /* Release */,
			);
			defaultConfigurationIsVisible = 0;
			defaultConfigurationName = Release;
		};
/* End XCConfigurationList section */
	};
	rootObject = D80F6F81287B0EE500231376 /* Project object */;
}
